// !$*UTF8*$!
{
	archiveVersion = 1;
	classes = {
	};
	objectVersion = 46;
	objects = {

/* Begin PBXBuildFile section */
		F483300E1C2F040D00234B18 /* AppDelegate.swift in Sources */ = {isa = PBXBuildFile; fileRef = F483300D1C2F040D00234B18 /* AppDelegate.swift */; };
		F48330101C2F040D00234B18 /* ViewController.swift in Sources */ = {isa = PBXBuildFile; fileRef = F483300F1C2F040D00234B18 /* ViewController.swift */; };
		F48330131C2F040D00234B18 /* Main.storyboard in Resources */ = {isa = PBXBuildFile; fileRef = F48330111C2F040D00234B18 /* Main.storyboard */; };
		F48330161C2F040D00234B18 /* NeeNeeApp.xcdatamodeld in Sources */ = {isa = PBXBuildFile; fileRef = F48330141C2F040D00234B18 /* NeeNeeApp.xcdatamodeld */; };
		F48330181C2F040D00234B18 /* Assets.xcassets in Resources */ = {isa = PBXBuildFile; fileRef = F48330171C2F040D00234B18 /* Assets.xcassets */; };
		F483301B1C2F040D00234B18 /* LaunchScreen.storyboard in Resources */ = {isa = PBXBuildFile; fileRef = F48330191C2F040D00234B18 /* LaunchScreen.storyboard */; };
		F48330261C2F040D00234B18 /* NeeNeeAppTests.swift in Sources */ = {isa = PBXBuildFile; fileRef = F48330251C2F040D00234B18 /* NeeNeeAppTests.swift */; };
		F48330311C2F040D00234B18 /* NeeNeeAppUITests.swift in Sources */ = {isa = PBXBuildFile; fileRef = F48330301C2F040D00234B18 /* NeeNeeAppUITests.swift */; };
/* End PBXBuildFile section */

/* Begin PBXContainerItemProxy section */
		F48330221C2F040D00234B18 /* PBXContainerItemProxy */ = {
			isa = PBXContainerItemProxy;
			containerPortal = F48330021C2F040D00234B18 /* Project object */;
			proxyType = 1;
			remoteGlobalIDString = F48330091C2F040D00234B18;
			remoteInfo = NeeNeeApp;
		};
		F483302D1C2F040D00234B18 /* PBXContainerItemProxy */ = {
			isa = PBXContainerItemProxy;
			containerPortal = F48330021C2F040D00234B18 /* Project object */;
			proxyType = 1;
			remoteGlobalIDString = F48330091C2F040D00234B18;
			remoteInfo = NeeNeeApp;
		};
/* End PBXContainerItemProxy section */

/* Begin PBXFileReference section */
		F483300A1C2F040D00234B18 /* NeeNeeApp.app */ = {isa = PBXFileReference; explicitFileType = wrapper.application; includeInIndex = 0; path = NeeNeeApp.app; sourceTree = BUILT_PRODUCTS_DIR; };
		F483300D1C2F040D00234B18 /* AppDelegate.swift */ = {isa = PBXFileReference; lastKnownFileType = sourcecode.swift; path = AppDelegate.swift; sourceTree = "<group>"; };
		F483300F1C2F040D00234B18 /* ViewController.swift */ = {isa = PBXFileReference; lastKnownFileType = sourcecode.swift; path = ViewController.swift; sourceTree = "<group>"; };
		F48330121C2F040D00234B18 /* Base */ = {isa = PBXFileReference; lastKnownFileType = file.storyboard; name = Base; path = Base.lproj/Main.storyboard; sourceTree = "<group>"; };
		F48330151C2F040D00234B18 /* NeeNeeApp.xcdatamodel */ = {isa = PBXFileReference; lastKnownFileType = wrapper.xcdatamodel; path = NeeNeeApp.xcdatamodel; sourceTree = "<group>"; };
		F48330171C2F040D00234B18 /* Assets.xcassets */ = {isa = PBXFileReference; lastKnownFileType = folder.assetcatalog; path = Assets.xcassets; sourceTree = "<group>"; };
		F483301A1C2F040D00234B18 /* Base */ = {isa = PBXFileReference; lastKnownFileType = file.storyboard; name = Base; path = Base.lproj/LaunchScreen.storyboard; sourceTree = "<group>"; };
		F483301C1C2F040D00234B18 /* Info.plist */ = {isa = PBXFileReference; lastKnownFileType = text.plist.xml; path = Info.plist; sourceTree = "<group>"; };
		F48330211C2F040D00234B18 /* NeeNeeAppTests.xctest */ = {isa = PBXFileReference; explicitFileType = wrapper.cfbundle; includeInIndex = 0; path = NeeNeeAppTests.xctest; sourceTree = BUILT_PRODUCTS_DIR; };
		F48330251C2F040D00234B18 /* NeeNeeAppTests.swift */ = {isa = PBXFileReference; lastKnownFileType = sourcecode.swift; path = NeeNeeAppTests.swift; sourceTree = "<group>"; };
		F48330271C2F040D00234B18 /* Info.plist */ = {isa = PBXFileReference; lastKnownFileType = text.plist.xml; path = Info.plist; sourceTree = "<group>"; };
		F483302C1C2F040D00234B18 /* NeeNeeAppUITests.xctest */ = {isa = PBXFileReference; explicitFileType = wrapper.cfbundle; includeInIndex = 0; path = NeeNeeAppUITests.xctest; sourceTree = BUILT_PRODUCTS_DIR; };
		F48330301C2F040D00234B18 /* NeeNeeAppUITests.swift */ = {isa = PBXFileReference; lastKnownFileType = sourcecode.swift; path = NeeNeeAppUITests.swift; sourceTree = "<group>"; };
		F48330321C2F040D00234B18 /* Info.plist */ = {isa = PBXFileReference; lastKnownFileType = text.plist.xml; path = Info.plist; sourceTree = "<group>"; };
/* End PBXFileReference section */

/* Begin PBXFrameworksBuildPhase section */
		F48330071C2F040D00234B18 /* Frameworks */ = {
			isa = PBXFrameworksBuildPhase;
			buildActionMask = 2147483647;
			files = (
			);
			runOnlyForDeploymentPostprocessing = 0;
		};
		F483301E1C2F040D00234B18 /* Frameworks */ = {
			isa = PBXFrameworksBuildPhase;
			buildActionMask = 2147483647;
			files = (
			);
			runOnlyForDeploymentPostprocessing = 0;
		};
		F48330291C2F040D00234B18 /* Frameworks */ = {
			isa = PBXFrameworksBuildPhase;
			buildActionMask = 2147483647;
			files = (
			);
			runOnlyForDeploymentPostprocessing = 0;
		};
/* End PBXFrameworksBuildPhase section */

/* Begin PBXGroup section */
		F48330011C2F040D00234B18 = {
			isa = PBXGroup;
			children = (
				F483300C1C2F040D00234B18 /* NeeNeeApp */,
				F48330241C2F040D00234B18 /* NeeNeeAppTests */,
				F483302F1C2F040D00234B18 /* NeeNeeAppUITests */,
				F483300B1C2F040D00234B18 /* Products */,
			);
			sourceTree = "<group>";
		};
		F483300B1C2F040D00234B18 /* Products */ = {
			isa = PBXGroup;
			children = (
				F483300A1C2F040D00234B18 /* NeeNeeApp.app */,
				F48330211C2F040D00234B18 /* NeeNeeAppTests.xctest */,
				F483302C1C2F040D00234B18 /* NeeNeeAppUITests.xctest */,
			);
			name = Products;
			sourceTree = "<group>";
		};
		F483300C1C2F040D00234B18 /* NeeNeeApp */ = {
			isa = PBXGroup;
			children = (
				F483300D1C2F040D00234B18 /* AppDelegate.swift */,
				F483300F1C2F040D00234B18 /* ViewController.swift */,
				F48330111C2F040D00234B18 /* Main.storyboard */,
				F48330171C2F040D00234B18 /* Assets.xcassets */,
				F48330191C2F040D00234B18 /* LaunchScreen.storyboard */,
				F483301C1C2F040D00234B18 /* Info.plist */,
				F48330141C2F040D00234B18 /* NeeNeeApp.xcdatamodeld */,
			);
			path = NeeNeeApp;
			sourceTree = "<group>";
		};
		F48330241C2F040D00234B18 /* NeeNeeAppTests */ = {
			isa = PBXGroup;
			children = (
				F48330251C2F040D00234B18 /* NeeNeeAppTests.swift */,
				F48330271C2F040D00234B18 /* Info.plist */,
			);
			path = NeeNeeAppTests;
			sourceTree = "<group>";
		};
		F483302F1C2F040D00234B18 /* NeeNeeAppUITests */ = {
			isa = PBXGroup;
			children = (
				F48330301C2F040D00234B18 /* NeeNeeAppUITests.swift */,
				F48330321C2F040D00234B18 /* Info.plist */,
			);
			path = NeeNeeAppUITests;
			sourceTree = "<group>";
		};
/* End PBXGroup section */

/* Begin PBXNativeTarget section */
		F48330091C2F040D00234B18 /* NeeNeeApp */ = {
			isa = PBXNativeTarget;
			buildConfigurationList = F48330351C2F040D00234B18 /* Build configuration list for PBXNativeTarget "NeeNeeApp" */;
			buildPhases = (
				F48330061C2F040D00234B18 /* Sources */,
				F48330071C2F040D00234B18 /* Frameworks */,
				F48330081C2F040D00234B18 /* Resources */,
			);
			buildRules = (
			);
			dependencies = (
			);
			name = NeeNeeApp;
			productName = NeeNeeApp;
			productReference = F483300A1C2F040D00234B18 /* NeeNeeApp.app */;
			productType = "com.apple.product-type.application";
		};
		F48330201C2F040D00234B18 /* NeeNeeAppTests */ = {
			isa = PBXNativeTarget;
			buildConfigurationList = F48330381C2F040D00234B18 /* Build configuration list for PBXNativeTarget "NeeNeeAppTests" */;
			buildPhases = (
				F483301D1C2F040D00234B18 /* Sources */,
				F483301E1C2F040D00234B18 /* Frameworks */,
				F483301F1C2F040D00234B18 /* Resources */,
			);
			buildRules = (
			);
			dependencies = (
				F48330231C2F040D00234B18 /* PBXTargetDependency */,
			);
			name = NeeNeeAppTests;
			productName = NeeNeeAppTests;
			productReference = F48330211C2F040D00234B18 /* NeeNeeAppTests.xctest */;
			productType = "com.apple.product-type.bundle.unit-test";
		};
		F483302B1C2F040D00234B18 /* NeeNeeAppUITests */ = {
			isa = PBXNativeTarget;
			buildConfigurationList = F483303B1C2F040D00234B18 /* Build configuration list for PBXNativeTarget "NeeNeeAppUITests" */;
			buildPhases = (
				F48330281C2F040D00234B18 /* Sources */,
				F48330291C2F040D00234B18 /* Frameworks */,
				F483302A1C2F040D00234B18 /* Resources */,
			);
			buildRules = (
			);
			dependencies = (
				F483302E1C2F040D00234B18 /* PBXTargetDependency */,
			);
			name = NeeNeeAppUITests;
			productName = NeeNeeAppUITests;
			productReference = F483302C1C2F040D00234B18 /* NeeNeeAppUITests.xctest */;
			productType = "com.apple.product-type.bundle.ui-testing";
		};
/* End PBXNativeTarget section */

/* Begin PBXProject section */
		F48330021C2F040D00234B18 /* Project object */ = {
			isa = PBXProject;
			attributes = {
				LastSwiftUpdateCheck = 0720;
				LastUpgradeCheck = 0720;
				ORGANIZATIONNAME = KojiIshikawa;
				TargetAttributes = {
					F48330091C2F040D00234B18 = {
						CreatedOnToolsVersion = 7.2;
						DevelopmentTeam = 82Y66MPE59;
					};
					F48330201C2F040D00234B18 = {
						CreatedOnToolsVersion = 7.2;
						DevelopmentTeam = 82Y66MPE59;
						TestTargetID = F48330091C2F040D00234B18;
					};
					F483302B1C2F040D00234B18 = {
						CreatedOnToolsVersion = 7.2;
						DevelopmentTeam = 82Y66MPE59;
						TestTargetID = F48330091C2F040D00234B18;
					};
				};
			};
			buildConfigurationList = F48330051C2F040D00234B18 /* Build configuration list for PBXProject "NeeNeeApp" */;
			compatibilityVersion = "Xcode 3.2";
			developmentRegion = English;
			hasScannedForEncodings = 0;
			knownRegions = (
				en,
				Base,
			);
			mainGroup = F48330011C2F040D00234B18;
			productRefGroup = F483300B1C2F040D00234B18 /* Products */;
			projectDirPath = "";
			projectRoot = "";
			targets = (
				F48330091C2F040D00234B18 /* NeeNeeApp */,
				F48330201C2F040D00234B18 /* NeeNeeAppTests */,
				F483302B1C2F040D00234B18 /* NeeNeeAppUITests */,
			);
		};
/* End PBXProject section */

/* Begin PBXResourcesBuildPhase section */
		F48330081C2F040D00234B18 /* Resources */ = {
			isa = PBXResourcesBuildPhase;
			buildActionMask = 2147483647;
			files = (
				F483301B1C2F040D00234B18 /* LaunchScreen.storyboard in Resources */,
				F48330181C2F040D00234B18 /* Assets.xcassets in Resources */,
				F48330131C2F040D00234B18 /* Main.storyboard in Resources */,
			);
			runOnlyForDeploymentPostprocessing = 0;
		};
		F483301F1C2F040D00234B18 /* Resources */ = {
			isa = PBXResourcesBuildPhase;
			buildActionMask = 2147483647;
			files = (
			);
			runOnlyForDeploymentPostprocessing = 0;
		};
		F483302A1C2F040D00234B18 /* Resources */ = {
			isa = PBXResourcesBuildPhase;
			buildActionMask = 2147483647;
			files = (
			);
			runOnlyForDeploymentPostprocessing = 0;
		};
/* End PBXResourcesBuildPhase section */

/* Begin PBXSourcesBuildPhase section */
		F48330061C2F040D00234B18 /* Sources */ = {
			isa = PBXSourcesBuildPhase;
			buildActionMask = 2147483647;
			files = (
				F48330161C2F040D00234B18 /* NeeNeeApp.xcdatamodeld in Sources */,
				F48330101C2F040D00234B18 /* ViewController.swift in Sources */,
				F483300E1C2F040D00234B18 /* AppDelegate.swift in Sources */,
			);
			runOnlyForDeploymentPostprocessing = 0;
		};
		F483301D1C2F040D00234B18 /* Sources */ = {
			isa = PBXSourcesBuildPhase;
			buildActionMask = 2147483647;
			files = (
				F48330261C2F040D00234B18 /* NeeNeeAppTests.swift in Sources */,
			);
			runOnlyForDeploymentPostprocessing = 0;
		};
		F48330281C2F040D00234B18 /* Sources */ = {
			isa = PBXSourcesBuildPhase;
			buildActionMask = 2147483647;
			files = (
				F48330311C2F040D00234B18 /* NeeNeeAppUITests.swift in Sources */,
			);
			runOnlyForDeploymentPostprocessing = 0;
		};
/* End PBXSourcesBuildPhase section */

/* Begin PBXTargetDependency section */
		F48330231C2F040D00234B18 /* PBXTargetDependency */ = {
			isa = PBXTargetDependency;
			target = F48330091C2F040D00234B18 /* NeeNeeApp */;
			targetProxy = F48330221C2F040D00234B18 /* PBXContainerItemProxy */;
		};
		F483302E1C2F040D00234B18 /* PBXTargetDependency */ = {
			isa = PBXTargetDependency;
			target = F48330091C2F040D00234B18 /* NeeNeeApp */;
			targetProxy = F483302D1C2F040D00234B18 /* PBXContainerItemProxy */;
		};
/* End PBXTargetDependency section */

/* Begin PBXVariantGroup section */
		F48330111C2F040D00234B18 /* Main.storyboard */ = {
			isa = PBXVariantGroup;
			children = (
				F48330121C2F040D00234B18 /* Base */,
			);
			name = Main.storyboard;
			sourceTree = "<group>";
		};
		F48330191C2F040D00234B18 /* LaunchScreen.storyboard */ = {
			isa = PBXVariantGroup;
			children = (
				F483301A1C2F040D00234B18 /* Base */,
			);
			name = LaunchScreen.storyboard;
			sourceTree = "<group>";
		};
/* End PBXVariantGroup section */

/* Begin XCBuildConfiguration section */
		F48330331C2F040D00234B18 /* Debug */ = {
			isa = XCBuildConfiguration;
			buildSettings = {
				ALWAYS_SEARCH_USER_PATHS = NO;
				CLANG_CXX_LANGUAGE_STANDARD = "gnu++0x";
				CLANG_CXX_LIBRARY = "libc++";
				CLANG_ENABLE_MODULES = YES;
				CLANG_ENABLE_OBJC_ARC = YES;
				CLANG_WARN_BOOL_CONVERSION = YES;
				CLANG_WARN_CONSTANT_CONVERSION = YES;
				CLANG_WARN_DIRECT_OBJC_ISA_USAGE = YES_ERROR;
				CLANG_WARN_EMPTY_BODY = YES;
				CLANG_WARN_ENUM_CONVERSION = YES;
				CLANG_WARN_INT_CONVERSION = YES;
				CLANG_WARN_OBJC_ROOT_CLASS = YES_ERROR;
				CLANG_WARN_UNREACHABLE_CODE = YES;
				CLANG_WARN__DUPLICATE_METHOD_MATCH = YES;
				"CODE_SIGN_IDENTITY[sdk=iphoneos*]" = "iPhone Developer";
				COPY_PHASE_STRIP = NO;
				DEBUG_INFORMATION_FORMAT = dwarf;
				ENABLE_STRICT_OBJC_MSGSEND = YES;
				ENABLE_TESTABILITY = YES;
				GCC_C_LANGUAGE_STANDARD = gnu99;
				GCC_DYNAMIC_NO_PIC = NO;
				GCC_NO_COMMON_BLOCKS = YES;
				GCC_OPTIMIZATION_LEVEL = 0;
				GCC_PREPROCESSOR_DEFINITIONS = (
					"DEBUG=1",
					"$(inherited)",
				);
				GCC_WARN_64_TO_32_BIT_CONVERSION = YES;
				GCC_WARN_ABOUT_RETURN_TYPE = YES_ERROR;
				GCC_WARN_UNDECLARED_SELECTOR = YES;
				GCC_WARN_UNINITIALIZED_AUTOS = YES_AGGRESSIVE;
				GCC_WARN_UNUSED_FUNCTION = YES;
				GCC_WARN_UNUSED_VARIABLE = YES;
				IPHONEOS_DEPLOYMENT_TARGET = 9.2;
				MTL_ENABLE_DEBUG_INFO = YES;
				ONLY_ACTIVE_ARCH = YES;
				SDKROOT = iphoneos;
				SWIFT_OPTIMIZATION_LEVEL = "-Onone";
				TARGETED_DEVICE_FAMILY = "1,2";
			};
			name = Debug;
		};
		F48330341C2F040D00234B18 /* Release */ = {
			isa = XCBuildConfiguration;
			buildSettings = {
				ALWAYS_SEARCH_USER_PATHS = NO;
				CLANG_CXX_LANGUAGE_STANDARD = "gnu++0x";
				CLANG_CXX_LIBRARY = "libc++";
				CLANG_ENABLE_MODULES = YES;
				CLANG_ENABLE_OBJC_ARC = YES;
				CLANG_WARN_BOOL_CONVERSION = YES;
				CLANG_WARN_CONSTANT_CONVERSION = YES;
				CLANG_WARN_DIRECT_OBJC_ISA_USAGE = YES_ERROR;
				CLANG_WARN_EMPTY_BODY = YES;
				CLANG_WARN_ENUM_CONVERSION = YES;
				CLANG_WARN_INT_CONVERSION = YES;
				CLANG_WARN_OBJC_ROOT_CLASS = YES_ERROR;
				CLANG_WARN_UNREACHABLE_CODE = YES;
				CLANG_WARN__DUPLICATE_METHOD_MATCH = YES;
				"CODE_SIGN_IDENTITY[sdk=iphoneos*]" = "iPhone Developer";
				COPY_PHASE_STRIP = NO;
				DEBUG_INFORMATION_FORMAT = "dwarf-with-dsym";
				ENABLE_NS_ASSERTIONS = NO;
				ENABLE_STRICT_OBJC_MSGSEND = YES;
				GCC_C_LANGUAGE_STANDARD = gnu99;
				GCC_NO_COMMON_BLOCKS = YES;
				GCC_WARN_64_TO_32_BIT_CONVERSION = YES;
				GCC_WARN_ABOUT_RETURN_TYPE = YES_ERROR;
				GCC_WARN_UNDECLARED_SELECTOR = YES;
				GCC_WARN_UNINITIALIZED_AUTOS = YES_AGGRESSIVE;
				GCC_WARN_UNUSED_FUNCTION = YES;
				GCC_WARN_UNUSED_VARIABLE = YES;
				IPHONEOS_DEPLOYMENT_TARGET = 9.2;
				MTL_ENABLE_DEBUG_INFO = NO;
				SDKROOT = iphoneos;
				TARGETED_DEVICE_FAMILY = "1,2";
				VALIDATE_PRODUCT = YES;
			};
			name = Release;
		};
		F48330361C2F040D00234B18 /* Debug */ = {
			isa = XCBuildConfiguration;
			buildSettings = {
				ASSETCATALOG_COMPILER_APPICON_NAME = AppIcon;
				INFOPLIST_FILE = NeeNeeApp/Info.plist;
				LD_RUNPATH_SEARCH_PATHS = "$(inherited) @executable_path/Frameworks";
				PRODUCT_BUNDLE_IDENTIFIER = com.KojiIshikawa.NeeNeeApp;
				PRODUCT_NAME = "$(TARGET_NAME)";
			};
			name = Debug;
		};
		F48330371C2F040D00234B18 /* Release */ = {
			isa = XCBuildConfiguration;
			buildSettings = {
				ASSETCATALOG_COMPILER_APPICON_NAME = AppIcon;
				INFOPLIST_FILE = NeeNeeApp/Info.plist;
				LD_RUNPATH_SEARCH_PATHS = "$(inherited) @executable_path/Frameworks";
				PRODUCT_BUNDLE_IDENTIFIER = com.KojiIshikawa.NeeNeeApp;
				PRODUCT_NAME = "$(TARGET_NAME)";
			};
			name = Release;
		};
		F48330391C2F040D00234B18 /* Debug */ = {
			isa = XCBuildConfiguration;
			buildSettings = {
				BUNDLE_LOADER = "$(TEST_HOST)";
				INFOPLIST_FILE = NeeNeeAppTests/Info.plist;
				LD_RUNPATH_SEARCH_PATHS = "$(inherited) @executable_path/Frameworks @loader_path/Frameworks";
				PRODUCT_BUNDLE_IDENTIFIER = com.KojiIshikawa.NeeNeeAppTests;
				PRODUCT_NAME = "$(TARGET_NAME)";
				TEST_HOST = "$(BUILT_PRODUCTS_DIR)/NeeNeeApp.app/NeeNeeApp";
			};
			name = Debug;
		};
		F483303A1C2F040D00234B18 /* Release */ = {
			isa = XCBuildConfiguration;
			buildSettings = {
				BUNDLE_LOADER = "$(TEST_HOST)";
				INFOPLIST_FILE = NeeNeeAppTests/Info.plist;
				LD_RUNPATH_SEARCH_PATHS = "$(inherited) @executable_path/Frameworks @loader_path/Frameworks";
				PRODUCT_BUNDLE_IDENTIFIER = com.KojiIshikawa.NeeNeeAppTests;
				PRODUCT_NAME = "$(TARGET_NAME)";
				TEST_HOST = "$(BUILT_PRODUCTS_DIR)/NeeNeeApp.app/NeeNeeApp";
			};
			name = Release;
		};
		F483303C1C2F040D00234B18 /* Debug */ = {
			isa = XCBuildConfiguration;
			buildSettings = {
				INFOPLIST_FILE = NeeNeeAppUITests/Info.plist;
				LD_RUNPATH_SEARCH_PATHS = "$(inherited) @executable_path/Frameworks @loader_path/Frameworks";
				PRODUCT_BUNDLE_IDENTIFIER = com.KojiIshikawa.NeeNeeAppUITests;
				PRODUCT_NAME = "$(TARGET_NAME)";
				TEST_TARGET_NAME = NeeNeeApp;
				USES_XCTRUNNER = YES;
			};
			name = Debug;
		};
		F483303D1C2F040D00234B18 /* Release */ = {
			isa = XCBuildConfiguration;
			buildSettings = {
				INFOPLIST_FILE = NeeNeeAppUITests/Info.plist;
				LD_RUNPATH_SEARCH_PATHS = "$(inherited) @executable_path/Frameworks @loader_path/Frameworks";
				PRODUCT_BUNDLE_IDENTIFIER = com.KojiIshikawa.NeeNeeAppUITests;
				PRODUCT_NAME = "$(TARGET_NAME)";
				TEST_TARGET_NAME = NeeNeeApp;
				USES_XCTRUNNER = YES;
			};
			name = Release;
		};
/* End XCBuildConfiguration section */

/* Begin XCConfigurationList section */
		F48330051C2F040D00234B18 /* Build configuration list for PBXProject "NeeNeeApp" */ = {
			isa = XCConfigurationList;
			buildConfigurations = (
				F48330331C2F040D00234B18 /* Debug */,
				F48330341C2F040D00234B18 /* Release */,
			);
			defaultConfigurationIsVisible = 0;
			defaultConfigurationName = Release;
		};
		F48330351C2F040D00234B18 /* Build configuration list for PBXNativeTarget "NeeNeeApp" */ = {
			isa = XCConfigurationList;
			buildConfigurations = (
				F48330361C2F040D00234B18 /* Debug */,
				F48330371C2F040D00234B18 /* Release */,
			);
			defaultConfigurationIsVisible = 0;
		};
		F48330381C2F040D00234B18 /* Build configuration list for PBXNativeTarget "NeeNeeAppTests" */ = {
			isa = XCConfigurationList;
			buildConfigurations = (
				F48330391C2F040D00234B18 /* Debug */,
				F483303A1C2F040D00234B18 /* Release */,
			);
			defaultConfigurationIsVisible = 0;
		};
		F483303B1C2F040D00234B18 /* Build configuration list for PBXNativeTarget "NeeNeeAppUITests" */ = {
			isa = XCConfigurationList;
			buildConfigurations = (
				F483303C1C2F040D00234B18 /* Debug */,
				F483303D1C2F040D00234B18 /* Release */,
			);
			defaultConfigurationIsVisible = 0;
		};
/* End XCConfigurationList section */

/* Begin XCVersionGroup section */
		F48330141C2F040D00234B18 /* NeeNeeApp.xcdatamodeld */ = {
			isa = XCVersionGroup;
			children = (
				F48330151C2F040D00234B18 /* NeeNeeApp.xcdatamodel */,
			);
			currentVersion = F48330151C2F040D00234B18 /* NeeNeeApp.xcdatamodel */;
			path = NeeNeeApp.xcdatamodeld;
			sourceTree = "<group>";
			versionGroupType = wrapper.xcdatamodel;
		};
/* End XCVersionGroup section */
	};
	rootObject = F48330021C2F040D00234B18 /* Project object */;
}
