// !$*UTF8*$!
{
	archiveVersion = 1;
	classes = {
	};
	objectVersion = 46;
	objects = {

/* Begin PBXBuildFile section */
		564CDF907C4EC18FA819679E /* libPods-NeeNeeApp.a in Frameworks */ = {isa = PBXBuildFile; fileRef = F4EB1D06214EC164462ADCDD /* libPods-NeeNeeApp.a */; };
		AE05CAB81C5BDD9A00451A00 /* _DropItemM.h in Headers */ = {isa = PBXBuildFile; fileRef = AE05CA9C1C5BDD9A00451A00 /* _DropItemM.h */; };
		AE05CAB91C5BDD9A00451A00 /* _DropItemM.m in Sources */ = {isa = PBXBuildFile; fileRef = AE05CA9D1C5BDD9A00451A00 /* _DropItemM.m */; };
		AE05CABA1C5BDD9A00451A00 /* _ItemM.h in Headers */ = {isa = PBXBuildFile; fileRef = AE05CA9E1C5BDD9A00451A00 /* _ItemM.h */; };
		AE05CABB1C5BDD9A00451A00 /* _ItemM.m in Sources */ = {isa = PBXBuildFile; fileRef = AE05CA9F1C5BDD9A00451A00 /* _ItemM.m */; };
		AE05CABC1C5BDD9A00451A00 /* _JobM.h in Headers */ = {isa = PBXBuildFile; fileRef = AE05CAA01C5BDD9A00451A00 /* _JobM.h */; };
		AE05CABD1C5BDD9A00451A00 /* _JobM.m in Sources */ = {isa = PBXBuildFile; fileRef = AE05CAA11C5BDD9A00451A00 /* _JobM.m */; };
		AE05CABE1C5BDD9A00451A00 /* _MeigenM.h in Headers */ = {isa = PBXBuildFile; fileRef = AE05CAA21C5BDD9A00451A00 /* _MeigenM.h */; };
		AE05CABF1C5BDD9A00451A00 /* _MeigenM.m in Sources */ = {isa = PBXBuildFile; fileRef = AE05CAA31C5BDD9A00451A00 /* _MeigenM.m */; };
		AE05CAC01C5BDD9A00451A00 /* _OkanM.h in Headers */ = {isa = PBXBuildFile; fileRef = AE05CAA41C5BDD9A00451A00 /* _OkanM.h */; };
		AE05CAC11C5BDD9A00451A00 /* _OkanM.m in Sources */ = {isa = PBXBuildFile; fileRef = AE05CAA51C5BDD9A00451A00 /* _OkanM.m */; };
		AE05CAC21C5BDD9A00451A00 /* _ResultActionM.h in Headers */ = {isa = PBXBuildFile; fileRef = AE05CAA61C5BDD9A00451A00 /* _ResultActionM.h */; };
		AE05CAC31C5BDD9A00451A00 /* _ResultActionM.m in Sources */ = {isa = PBXBuildFile; fileRef = AE05CAA71C5BDD9A00451A00 /* _ResultActionM.m */; };
		AE05CAC41C5BDD9A00451A00 /* _StageM.h in Headers */ = {isa = PBXBuildFile; fileRef = AE05CAA81C5BDD9A00451A00 /* _StageM.h */; };
		AE05CAC51C5BDD9A00451A00 /* _StageM.m in Sources */ = {isa = PBXBuildFile; fileRef = AE05CAA91C5BDD9A00451A00 /* _StageM.m */; };
		AE05CAC61C5BDD9A00451A00 /* DropItemM.h in Headers */ = {isa = PBXBuildFile; fileRef = AE05CAAA1C5BDD9A00451A00 /* DropItemM.h */; };
		AE05CAC71C5BDD9A00451A00 /* DropItemM.m in Sources */ = {isa = PBXBuildFile; fileRef = AE05CAAB1C5BDD9A00451A00 /* DropItemM.m */; };
		AE05CAC81C5BDD9A00451A00 /* ItemM.h in Headers */ = {isa = PBXBuildFile; fileRef = AE05CAAC1C5BDD9A00451A00 /* ItemM.h */; };
		AE05CAC91C5BDD9A00451A00 /* ItemM.m in Sources */ = {isa = PBXBuildFile; fileRef = AE05CAAD1C5BDD9A00451A00 /* ItemM.m */; };
		AE05CACA1C5BDD9A00451A00 /* JobM.h in Headers */ = {isa = PBXBuildFile; fileRef = AE05CAAE1C5BDD9A00451A00 /* JobM.h */; };
		AE05CACB1C5BDD9A00451A00 /* JobM.m in Sources */ = {isa = PBXBuildFile; fileRef = AE05CAAF1C5BDD9A00451A00 /* JobM.m */; };
		AE05CACC1C5BDD9A00451A00 /* MeigenM.h in Headers */ = {isa = PBXBuildFile; fileRef = AE05CAB01C5BDD9A00451A00 /* MeigenM.h */; };
		AE05CACD1C5BDD9A00451A00 /* MeigenM.m in Sources */ = {isa = PBXBuildFile; fileRef = AE05CAB11C5BDD9A00451A00 /* MeigenM.m */; };
		AE05CACE1C5BDD9A00451A00 /* OkanM.h in Headers */ = {isa = PBXBuildFile; fileRef = AE05CAB21C5BDD9A00451A00 /* OkanM.h */; };
		AE05CACF1C5BDD9A00451A00 /* OkanM.m in Sources */ = {isa = PBXBuildFile; fileRef = AE05CAB31C5BDD9A00451A00 /* OkanM.m */; };
		AE05CAD01C5BDD9A00451A00 /* ResultActionM.h in Headers */ = {isa = PBXBuildFile; fileRef = AE05CAB41C5BDD9A00451A00 /* ResultActionM.h */; };
		AE05CAD11C5BDD9A00451A00 /* ResultActionM.m in Sources */ = {isa = PBXBuildFile; fileRef = AE05CAB51C5BDD9A00451A00 /* ResultActionM.m */; };
		AE05CAD21C5BDD9A00451A00 /* StageM.h in Headers */ = {isa = PBXBuildFile; fileRef = AE05CAB61C5BDD9A00451A00 /* StageM.h */; };
		AE05CAD31C5BDD9A00451A00 /* StageM.m in Sources */ = {isa = PBXBuildFile; fileRef = AE05CAB71C5BDD9A00451A00 /* StageM.m */; };
		AE8E93961C5DE80D0031BF79 /* NeetMaster.sqlite in Resources */ = {isa = PBXBuildFile; fileRef = AE8E93931C5DE80D0031BF79 /* NeetMaster.sqlite */; };
		AE8E93971C5DE80D0031BF79 /* NeetMaster.sqlite-shm in Resources */ = {isa = PBXBuildFile; fileRef = AE8E93941C5DE80D0031BF79 /* NeetMaster.sqlite-shm */; };
		AE8E93981C5DE80D0031BF79 /* NeetMaster.sqlite-wal in Resources */ = {isa = PBXBuildFile; fileRef = AE8E93951C5DE80D0031BF79 /* NeetMaster.sqlite-wal */; };
		F41FD6331C4D3B640086A607 /* LINEActivity.h in Headers */ = {isa = PBXBuildFile; fileRef = F41FD62C1C4D3B640086A607 /* LINEActivity.h */; };
		F41FD6341C4D3B640086A607 /* LINEActivity.m in Sources */ = {isa = PBXBuildFile; fileRef = F41FD62D1C4D3B640086A607 /* LINEActivity.m */; };
		F41FD6351C4D3B640086A607 /* LINEActivityIcon.png in Resources */ = {isa = PBXBuildFile; fileRef = F41FD62E1C4D3B640086A607 /* LINEActivityIcon.png */; };
		F41FD6361C4D3B640086A607 /* LINEActivityIcon@2x.png in Resources */ = {isa = PBXBuildFile; fileRef = F41FD62F1C4D3B640086A607 /* LINEActivityIcon@2x.png */; };
		F41FD6371C4D3B640086A607 /* LINEActivityIcon@2x~ipad.png in Resources */ = {isa = PBXBuildFile; fileRef = F41FD6301C4D3B640086A607 /* LINEActivityIcon@2x~ipad.png */; };
		F41FD6381C4D3B640086A607 /* LINEActivityIcon@3x.png in Resources */ = {isa = PBXBuildFile; fileRef = F41FD6311C4D3B640086A607 /* LINEActivityIcon@3x.png */; };
		F41FD6391C4D3B640086A607 /* LINEActivityIcon~ipad.png in Resources */ = {isa = PBXBuildFile; fileRef = F41FD6321C4D3B640086A607 /* LINEActivityIcon~ipad.png */; };
		F439B4C01C3FFD4A004E92B4 /* 暇で忙しい.mp3 in Resources */ = {isa = PBXBuildFile; fileRef = F439B4BF1C3FFD4A004E92B4 /* 暇で忙しい.mp3 */; };
		F43D9B641C5D24240080F75D /* itemCell.swift in Sources */ = {isa = PBXBuildFile; fileRef = F43D9B631C5D24240080F75D /* itemCell.swift */; };
		F441496E1C45559600E7FC53 /* se1.mp3 in Resources */ = {isa = PBXBuildFile; fileRef = F44149671C45559600E7FC53 /* se1.mp3 */; };
		F441496F1C45559600E7FC53 /* se2.mp3 in Resources */ = {isa = PBXBuildFile; fileRef = F44149681C45559600E7FC53 /* se2.mp3 */; };
		F44149701C45559600E7FC53 /* se3.mp3 in Resources */ = {isa = PBXBuildFile; fileRef = F44149691C45559600E7FC53 /* se3.mp3 */; };
		F44149711C45559600E7FC53 /* se4.mp3 in Resources */ = {isa = PBXBuildFile; fileRef = F441496A1C45559600E7FC53 /* se4.mp3 */; };
		F44149721C45559600E7FC53 /* se5.mp3 in Resources */ = {isa = PBXBuildFile; fileRef = F441496B1C45559600E7FC53 /* se5.mp3 */; };
		F44149731C45559600E7FC53 /* se6.mp3 in Resources */ = {isa = PBXBuildFile; fileRef = F441496C1C45559600E7FC53 /* se6.mp3 */; };
		F44149741C45559600E7FC53 /* 落ち着くところ.mp3 in Resources */ = {isa = PBXBuildFile; fileRef = F441496D1C45559600E7FC53 /* 落ち着くところ.mp3 */; };
		F44C0DE91C43EFF400B0CB27 /* Main.storyboard in Resources */ = {isa = PBXBuildFile; fileRef = F44C0DE81C43EFF400B0CB27 /* Main.storyboard */; };
		F483300E1C2F040D00234B18 /* AppDelegate.swift in Sources */ = {isa = PBXBuildFile; fileRef = F483300D1C2F040D00234B18 /* AppDelegate.swift */; };
		F48330101C2F040D00234B18 /* ViewController.swift in Sources */ = {isa = PBXBuildFile; fileRef = F483300F1C2F040D00234B18 /* ViewController.swift */; };
		F48330161C2F040D00234B18 /* NeeNeeApp.xcdatamodeld in Sources */ = {isa = PBXBuildFile; fileRef = F48330141C2F040D00234B18 /* NeeNeeApp.xcdatamodeld */; };
		F48330181C2F040D00234B18 /* Assets.xcassets in Resources */ = {isa = PBXBuildFile; fileRef = F48330171C2F040D00234B18 /* Assets.xcassets */; };
		F483301B1C2F040D00234B18 /* LaunchScreen.storyboard in Resources */ = {isa = PBXBuildFile; fileRef = F48330191C2F040D00234B18 /* LaunchScreen.storyboard */; };
		F48330261C2F040D00234B18 /* NeeNeeAppTests.swift in Sources */ = {isa = PBXBuildFile; fileRef = F48330251C2F040D00234B18 /* NeeNeeAppTests.swift */; };
		F48330311C2F040D00234B18 /* NeeNeeAppUITests.swift in Sources */ = {isa = PBXBuildFile; fileRef = F48330301C2F040D00234B18 /* NeeNeeAppUITests.swift */; };
		F4A871281C61D26A00AF9A32 /* 01_01_01.png in Resources */ = {isa = PBXBuildFile; fileRef = F4A870D71C61D26A00AF9A32 /* 01_01_01.png */; };
		F4A871291C61D26A00AF9A32 /* 01_02_01.png in Resources */ = {isa = PBXBuildFile; fileRef = F4A870D81C61D26A00AF9A32 /* 01_02_01.png */; };
		F4A8712A1C61D26A00AF9A32 /* 01_03_01.png in Resources */ = {isa = PBXBuildFile; fileRef = F4A870D91C61D26A00AF9A32 /* 01_03_01.png */; };
		F4A8712B1C61D26A00AF9A32 /* 01_03_02.png in Resources */ = {isa = PBXBuildFile; fileRef = F4A870DA1C61D26A00AF9A32 /* 01_03_02.png */; };
		F4A8712C1C61D26A00AF9A32 /* 01_04_01.png in Resources */ = {isa = PBXBuildFile; fileRef = F4A870DB1C61D26A00AF9A32 /* 01_04_01.png */; };
		F4A8712D1C61D26A00AF9A32 /* 01_04_02.png in Resources */ = {isa = PBXBuildFile; fileRef = F4A870DC1C61D26A00AF9A32 /* 01_04_02.png */; };
		F4A8712E1C61D26A00AF9A32 /* 01_05_01.png in Resources */ = {isa = PBXBuildFile; fileRef = F4A870DD1C61D26A00AF9A32 /* 01_05_01.png */; };
		F4A8712F1C61D26A00AF9A32 /* 01_05_02.png in Resources */ = {isa = PBXBuildFile; fileRef = F4A870DE1C61D26A00AF9A32 /* 01_05_02.png */; };
		F4A871301C61D26A00AF9A32 /* 01_06_01.png in Resources */ = {isa = PBXBuildFile; fileRef = F4A870DF1C61D26A00AF9A32 /* 01_06_01.png */; };
		F4A871311C61D26A00AF9A32 /* 01_06_02.png in Resources */ = {isa = PBXBuildFile; fileRef = F4A870E01C61D26A00AF9A32 /* 01_06_02.png */; };
		F4A871321C61D26A00AF9A32 /* 01_07_01.png in Resources */ = {isa = PBXBuildFile; fileRef = F4A870E11C61D26A00AF9A32 /* 01_07_01.png */; };
		F4A871331C61D26A00AF9A32 /* 01_08_01.png in Resources */ = {isa = PBXBuildFile; fileRef = F4A870E21C61D26A00AF9A32 /* 01_08_01.png */; };
		F4A871341C61D26A00AF9A32 /* 01_09_01.png in Resources */ = {isa = PBXBuildFile; fileRef = F4A870E31C61D26A00AF9A32 /* 01_09_01.png */; };
		F4A871351C61D26A00AF9A32 /* 01_11_01.png in Resources */ = {isa = PBXBuildFile; fileRef = F4A870E41C61D26A00AF9A32 /* 01_11_01.png */; };
		F4A871361C61D26A00AF9A32 /* 02_01_01.png in Resources */ = {isa = PBXBuildFile; fileRef = F4A870E51C61D26A00AF9A32 /* 02_01_01.png */; };
		F4A871371C61D26A00AF9A32 /* 02_02_01.png in Resources */ = {isa = PBXBuildFile; fileRef = F4A870E61C61D26A00AF9A32 /* 02_02_01.png */; };
		F4A871381C61D26A00AF9A32 /* 02_03_01.png in Resources */ = {isa = PBXBuildFile; fileRef = F4A870E71C61D26A00AF9A32 /* 02_03_01.png */; };
		F4A871391C61D26A00AF9A32 /* 02_04_01.png in Resources */ = {isa = PBXBuildFile; fileRef = F4A870E81C61D26A00AF9A32 /* 02_04_01.png */; };
		F4A8713A1C61D26A00AF9A32 /* 02_05_01.png in Resources */ = {isa = PBXBuildFile; fileRef = F4A870E91C61D26A00AF9A32 /* 02_05_01.png */; };
		F4A8713B1C61D26A00AF9A32 /* 02_06_01.png in Resources */ = {isa = PBXBuildFile; fileRef = F4A870EA1C61D26A00AF9A32 /* 02_06_01.png */; };
		F4A8713C1C61D26A00AF9A32 /* 03_01_01.png in Resources */ = {isa = PBXBuildFile; fileRef = F4A870EB1C61D26A00AF9A32 /* 03_01_01.png */; };
		F4A8713D1C61D26A00AF9A32 /* 03_02_01.png in Resources */ = {isa = PBXBuildFile; fileRef = F4A870EC1C61D26A00AF9A32 /* 03_02_01.png */; };
		F4A8713E1C61D26A00AF9A32 /* 03_03_01.png in Resources */ = {isa = PBXBuildFile; fileRef = F4A870ED1C61D26A00AF9A32 /* 03_03_01.png */; };
		F4A8713F1C61D26A00AF9A32 /* 03_04_01.png in Resources */ = {isa = PBXBuildFile; fileRef = F4A870EE1C61D26A00AF9A32 /* 03_04_01.png */; };
		F4A871401C61D26A00AF9A32 /* 03_05_01.png in Resources */ = {isa = PBXBuildFile; fileRef = F4A870EF1C61D26A00AF9A32 /* 03_05_01.png */; };
		F4A871411C61D26A00AF9A32 /* 03_06_01.png in Resources */ = {isa = PBXBuildFile; fileRef = F4A870F01C61D26A00AF9A32 /* 03_06_01.png */; };
		F4A871421C61D26A00AF9A32 /* 03_07_01.png in Resources */ = {isa = PBXBuildFile; fileRef = F4A870F11C61D26A00AF9A32 /* 03_07_01.png */; };
		F4A871431C61D26A00AF9A32 /* 03_08_01.png in Resources */ = {isa = PBXBuildFile; fileRef = F4A870F21C61D26A00AF9A32 /* 03_08_01.png */; };
		F4A871441C61D26A00AF9A32 /* 03_24_01.png in Resources */ = {isa = PBXBuildFile; fileRef = F4A870F31C61D26A00AF9A32 /* 03_24_01.png */; };
		F4A871451C61D26A00AF9A32 /* 03_25_01.png in Resources */ = {isa = PBXBuildFile; fileRef = F4A870F41C61D26A00AF9A32 /* 03_25_01.png */; };
		F4A871461C61D26A00AF9A32 /* 03_26_01.png in Resources */ = {isa = PBXBuildFile; fileRef = F4A870F51C61D26A00AF9A32 /* 03_26_01.png */; };
		F4A871471C61D26A00AF9A32 /* 03_27_01.png in Resources */ = {isa = PBXBuildFile; fileRef = F4A870F61C61D26A00AF9A32 /* 03_27_01.png */; };
		F4A871481C61D26A00AF9A32 /* 04_01_01_01_01.PNG in Resources */ = {isa = PBXBuildFile; fileRef = F4A870F71C61D26A00AF9A32 /* 04_01_01_01_01.PNG */; };
		F4A871491C61D26A00AF9A32 /* 04_01_01_01_02.PNG in Resources */ = {isa = PBXBuildFile; fileRef = F4A870F81C61D26A00AF9A32 /* 04_01_01_01_02.PNG */; };
		F4A8714A1C61D26A00AF9A32 /* 04_01_01_01_03.PNG in Resources */ = {isa = PBXBuildFile; fileRef = F4A870F91C61D26A00AF9A32 /* 04_01_01_01_03.PNG */; };
		F4A8714B1C61D26A00AF9A32 /* 04_01_01_01_04.PNG in Resources */ = {isa = PBXBuildFile; fileRef = F4A870FA1C61D26A00AF9A32 /* 04_01_01_01_04.PNG */; };
		F4A8714C1C61D26A00AF9A32 /* 04_01_01_01_05.PNG in Resources */ = {isa = PBXBuildFile; fileRef = F4A870FB1C61D26A00AF9A32 /* 04_01_01_01_05.PNG */; };
		F4A8714D1C61D26A00AF9A32 /* 04_01_01_01_06.PNG in Resources */ = {isa = PBXBuildFile; fileRef = F4A870FC1C61D26A00AF9A32 /* 04_01_01_01_06.PNG */; };
		F4A8714E1C61D26A00AF9A32 /* 04_01_01_01_07.PNG in Resources */ = {isa = PBXBuildFile; fileRef = F4A870FD1C61D26A00AF9A32 /* 04_01_01_01_07.PNG */; };
		F4A8714F1C61D26A00AF9A32 /* 04_01_01_01_08.PNG in Resources */ = {isa = PBXBuildFile; fileRef = F4A870FE1C61D26A00AF9A32 /* 04_01_01_01_08.PNG */; };
		F4A871501C61D26A00AF9A32 /* 04_01_01_01_09.PNG in Resources */ = {isa = PBXBuildFile; fileRef = F4A870FF1C61D26A00AF9A32 /* 04_01_01_01_09.PNG */; };
		F4A871511C61D26A00AF9A32 /* 04_01_01_01_10.PNG in Resources */ = {isa = PBXBuildFile; fileRef = F4A871001C61D26A00AF9A32 /* 04_01_01_01_10.PNG */; };
		F4A871521C61D26A00AF9A32 /* 04_01_01_01_11.PNG in Resources */ = {isa = PBXBuildFile; fileRef = F4A871011C61D26A00AF9A32 /* 04_01_01_01_11.PNG */; };
		F4A871531C61D26A00AF9A32 /* 04_01_01_01_12.PNG in Resources */ = {isa = PBXBuildFile; fileRef = F4A871021C61D26A00AF9A32 /* 04_01_01_01_12.PNG */; };
		F4A871541C61D26A00AF9A32 /* 04_01_01_02_01.png in Resources */ = {isa = PBXBuildFile; fileRef = F4A871031C61D26A00AF9A32 /* 04_01_01_02_01.png */; };
		F4A871551C61D26A00AF9A32 /* 04_01_01_03_01.png in Resources */ = {isa = PBXBuildFile; fileRef = F4A871041C61D26A00AF9A32 /* 04_01_01_03_01.png */; };
		F4A871561C61D26A00AF9A32 /* 04_01_02_02_01.png in Resources */ = {isa = PBXBuildFile; fileRef = F4A871051C61D26A00AF9A32 /* 04_01_02_02_01.png */; };
		F4A871571C61D26A00AF9A32 /* 04_01_02_03_01.png in Resources */ = {isa = PBXBuildFile; fileRef = F4A871061C61D26A00AF9A32 /* 04_01_02_03_01.png */; };
		F4A871581C61D26A00AF9A32 /* 04_01_03_02_01.png in Resources */ = {isa = PBXBuildFile; fileRef = F4A871071C61D26A00AF9A32 /* 04_01_03_02_01.png */; };
		F4A871591C61D26A00AF9A32 /* 04_01_04_02_01.png in Resources */ = {isa = PBXBuildFile; fileRef = F4A871081C61D26A00AF9A32 /* 04_01_04_02_01.png */; };
		F4A8715A1C61D26A00AF9A32 /* 04_01_04_03_01.png in Resources */ = {isa = PBXBuildFile; fileRef = F4A871091C61D26A00AF9A32 /* 04_01_04_03_01.png */; };
		F4A8715B1C61D26A00AF9A32 /* 04_01_04_06_01.png in Resources */ = {isa = PBXBuildFile; fileRef = F4A8710A1C61D26A00AF9A32 /* 04_01_04_06_01.png */; };
		F4A8715C1C61D26A00AF9A32 /* 04_01_05_02_01.png in Resources */ = {isa = PBXBuildFile; fileRef = F4A8710B1C61D26A00AF9A32 /* 04_01_05_02_01.png */; };
		F4A8715D1C61D26A00AF9A32 /* 04_01_05_03_01.png in Resources */ = {isa = PBXBuildFile; fileRef = F4A8710C1C61D26A00AF9A32 /* 04_01_05_03_01.png */; };
		F4A8715E1C61D26A00AF9A32 /* 04_01_06_01_01.png in Resources */ = {isa = PBXBuildFile; fileRef = F4A8710D1C61D26A00AF9A32 /* 04_01_06_01_01.png */; };
		F4A8715F1C61D26A00AF9A32 /* 04_01_08_02_01.png in Resources */ = {isa = PBXBuildFile; fileRef = F4A8710E1C61D26A00AF9A32 /* 04_01_08_02_01.png */; };
		F4A871601C61D26A00AF9A32 /* 04_01_08_03_01.png in Resources */ = {isa = PBXBuildFile; fileRef = F4A8710F1C61D26A00AF9A32 /* 04_01_08_03_01.png */; };
		F4A871611C61D26A00AF9A32 /* 04_01_09_02_01.png in Resources */ = {isa = PBXBuildFile; fileRef = F4A871101C61D26A00AF9A32 /* 04_01_09_02_01.png */; };
		F4A871621C61D26A00AF9A32 /* 04_01_09_03_01.png in Resources */ = {isa = PBXBuildFile; fileRef = F4A871111C61D26A00AF9A32 /* 04_01_09_03_01.png */; };
		F4A871631C61D26A00AF9A32 /* 04_01_14_01_01.png in Resources */ = {isa = PBXBuildFile; fileRef = F4A871121C61D26A00AF9A32 /* 04_01_14_01_01.png */; };
		F4A871641C61D26A00AF9A32 /* 04_01_14_02_01.png in Resources */ = {isa = PBXBuildFile; fileRef = F4A871131C61D26A00AF9A32 /* 04_01_14_02_01.png */; };
		F4A871651C61D26A00AF9A32 /* 04_01_14_03_01.png in Resources */ = {isa = PBXBuildFile; fileRef = F4A871141C61D26A00AF9A32 /* 04_01_14_03_01.png */; };
		F4A871661C61D26A00AF9A32 /* 04_01_14_04_01.png in Resources */ = {isa = PBXBuildFile; fileRef = F4A871151C61D26A00AF9A32 /* 04_01_14_04_01.png */; };
		F4A871671C61D26A00AF9A32 /* 04_01_14_05_01.png in Resources */ = {isa = PBXBuildFile; fileRef = F4A871161C61D26A00AF9A32 /* 04_01_14_05_01.png */; };
		F4A871681C61D26A00AF9A32 /* 04_01_14_07_01.png in Resources */ = {isa = PBXBuildFile; fileRef = F4A871171C61D26A00AF9A32 /* 04_01_14_07_01.png */; };
		F4A871691C61D26A00AF9A32 /* 05_01_01.png in Resources */ = {isa = PBXBuildFile; fileRef = F4A871181C61D26A00AF9A32 /* 05_01_01.png */; };
		F4A8716A1C61D26A00AF9A32 /* 05_01_02.png in Resources */ = {isa = PBXBuildFile; fileRef = F4A871191C61D26A00AF9A32 /* 05_01_02.png */; };
		F4A8716B1C61D26A00AF9A32 /* 06_01_01.png in Resources */ = {isa = PBXBuildFile; fileRef = F4A8711A1C61D26A00AF9A32 /* 06_01_01.png */; };
		F4A8716C1C61D26A00AF9A32 /* 06_02_01.png in Resources */ = {isa = PBXBuildFile; fileRef = F4A8711B1C61D26A00AF9A32 /* 06_02_01.png */; };
		F4A8716D1C61D26A00AF9A32 /* 06_03_01.png in Resources */ = {isa = PBXBuildFile; fileRef = F4A8711C1C61D26A00AF9A32 /* 06_03_01.png */; };
		F4A8716E1C61D26A00AF9A32 /* 06_04_01.png in Resources */ = {isa = PBXBuildFile; fileRef = F4A8711D1C61D26A00AF9A32 /* 06_04_01.png */; };
		F4A8716F1C61D26A00AF9A32 /* 06_05_01.png in Resources */ = {isa = PBXBuildFile; fileRef = F4A8711E1C61D26A00AF9A32 /* 06_05_01.png */; };
		F4A871701C61D26A00AF9A32 /* 06_06_01.png in Resources */ = {isa = PBXBuildFile; fileRef = F4A8711F1C61D26A00AF9A32 /* 06_06_01.png */; };
		F4A871711C61D26A00AF9A32 /* 06_07_01.png in Resources */ = {isa = PBXBuildFile; fileRef = F4A871201C61D26A00AF9A32 /* 06_07_01.png */; };
		F4A871721C61D26A00AF9A32 /* 06_08_01.png in Resources */ = {isa = PBXBuildFile; fileRef = F4A871211C61D26A00AF9A32 /* 06_08_01.png */; };
		F4A871731C61D26A00AF9A32 /* 06_10_01.png in Resources */ = {isa = PBXBuildFile; fileRef = F4A871221C61D26A00AF9A32 /* 06_10_01.png */; };
		F4A871741C61D26A00AF9A32 /* 07_01_01.png in Resources */ = {isa = PBXBuildFile; fileRef = F4A871231C61D26A00AF9A32 /* 07_01_01.png */; };
		F4A871751C61D26A00AF9A32 /* 07_02_01.png in Resources */ = {isa = PBXBuildFile; fileRef = F4A871241C61D26A00AF9A32 /* 07_02_01.png */; };
		F4A871761C61D26A00AF9A32 /* 07_02_02.png in Resources */ = {isa = PBXBuildFile; fileRef = F4A871251C61D26A00AF9A32 /* 07_02_02.png */; };
		F4A871771C61D26A00AF9A32 /* 08_01_01.png in Resources */ = {isa = PBXBuildFile; fileRef = F4A871261C61D26A00AF9A32 /* 08_01_01.png */; };
		F4A871781C61D26A00AF9A32 /* 08_02_01.png in Resources */ = {isa = PBXBuildFile; fileRef = F4A871271C61D26A00AF9A32 /* 08_02_01.png */; };
		F4A8717A1C61EF6E00AF9A32 /* 01_02_02.png in Resources */ = {isa = PBXBuildFile; fileRef = F4A871791C61EF6E00AF9A32 /* 01_02_02.png */; };
/* End PBXBuildFile section */

/* Begin PBXContainerItemProxy section */
		F48330221C2F040D00234B18 /* PBXContainerItemProxy */ = {
			isa = PBXContainerItemProxy;
			containerPortal = F48330021C2F040D00234B18 /* Project object */;
			proxyType = 1;
			remoteGlobalIDString = F48330091C2F040D00234B18;
			remoteInfo = NeeNeeApp;
		};
		F483302D1C2F040D00234B18 /* PBXContainerItemProxy */ = {
			isa = PBXContainerItemProxy;
			containerPortal = F48330021C2F040D00234B18 /* Project object */;
			proxyType = 1;
			remoteGlobalIDString = F48330091C2F040D00234B18;
			remoteInfo = NeeNeeApp;
		};
/* End PBXContainerItemProxy section */

/* Begin PBXFileReference section */
		061F3FC4E89134E46B5F4A8E /* Pods-NeeNeeApp.debug.xcconfig */ = {isa = PBXFileReference; includeInIndex = 1; lastKnownFileType = text.xcconfig; name = "Pods-NeeNeeApp.debug.xcconfig"; path = "Pods/Target Support Files/Pods-NeeNeeApp/Pods-NeeNeeApp.debug.xcconfig"; sourceTree = "<group>"; };
		76D912C337F465574C4CC36B /* Pods-NeeNeeApp.release.xcconfig */ = {isa = PBXFileReference; includeInIndex = 1; lastKnownFileType = text.xcconfig; name = "Pods-NeeNeeApp.release.xcconfig"; path = "Pods/Target Support Files/Pods-NeeNeeApp/Pods-NeeNeeApp.release.xcconfig"; sourceTree = "<group>"; };
		AE05CA9C1C5BDD9A00451A00 /* _DropItemM.h */ = {isa = PBXFileReference; fileEncoding = 4; lastKnownFileType = sourcecode.c.h; path = _DropItemM.h; sourceTree = "<group>"; };
		AE05CA9D1C5BDD9A00451A00 /* _DropItemM.m */ = {isa = PBXFileReference; fileEncoding = 4; lastKnownFileType = sourcecode.c.objc; path = _DropItemM.m; sourceTree = "<group>"; };
		AE05CA9E1C5BDD9A00451A00 /* _ItemM.h */ = {isa = PBXFileReference; fileEncoding = 4; lastKnownFileType = sourcecode.c.h; path = _ItemM.h; sourceTree = "<group>"; };
		AE05CA9F1C5BDD9A00451A00 /* _ItemM.m */ = {isa = PBXFileReference; fileEncoding = 4; lastKnownFileType = sourcecode.c.objc; path = _ItemM.m; sourceTree = "<group>"; };
		AE05CAA01C5BDD9A00451A00 /* _JobM.h */ = {isa = PBXFileReference; fileEncoding = 4; lastKnownFileType = sourcecode.c.h; path = _JobM.h; sourceTree = "<group>"; };
		AE05CAA11C5BDD9A00451A00 /* _JobM.m */ = {isa = PBXFileReference; fileEncoding = 4; lastKnownFileType = sourcecode.c.objc; path = _JobM.m; sourceTree = "<group>"; };
		AE05CAA21C5BDD9A00451A00 /* _MeigenM.h */ = {isa = PBXFileReference; fileEncoding = 4; lastKnownFileType = sourcecode.c.h; path = _MeigenM.h; sourceTree = "<group>"; };
		AE05CAA31C5BDD9A00451A00 /* _MeigenM.m */ = {isa = PBXFileReference; fileEncoding = 4; lastKnownFileType = sourcecode.c.objc; path = _MeigenM.m; sourceTree = "<group>"; };
		AE05CAA41C5BDD9A00451A00 /* _OkanM.h */ = {isa = PBXFileReference; fileEncoding = 4; lastKnownFileType = sourcecode.c.h; path = _OkanM.h; sourceTree = "<group>"; };
		AE05CAA51C5BDD9A00451A00 /* _OkanM.m */ = {isa = PBXFileReference; fileEncoding = 4; lastKnownFileType = sourcecode.c.objc; path = _OkanM.m; sourceTree = "<group>"; };
		AE05CAA61C5BDD9A00451A00 /* _ResultActionM.h */ = {isa = PBXFileReference; fileEncoding = 4; lastKnownFileType = sourcecode.c.h; path = _ResultActionM.h; sourceTree = "<group>"; };
		AE05CAA71C5BDD9A00451A00 /* _ResultActionM.m */ = {isa = PBXFileReference; fileEncoding = 4; lastKnownFileType = sourcecode.c.objc; path = _ResultActionM.m; sourceTree = "<group>"; };
		AE05CAA81C5BDD9A00451A00 /* _StageM.h */ = {isa = PBXFileReference; fileEncoding = 4; lastKnownFileType = sourcecode.c.h; path = _StageM.h; sourceTree = "<group>"; };
		AE05CAA91C5BDD9A00451A00 /* _StageM.m */ = {isa = PBXFileReference; fileEncoding = 4; lastKnownFileType = sourcecode.c.objc; path = _StageM.m; sourceTree = "<group>"; };
		AE05CAAA1C5BDD9A00451A00 /* DropItemM.h */ = {isa = PBXFileReference; fileEncoding = 4; lastKnownFileType = sourcecode.c.h; path = DropItemM.h; sourceTree = "<group>"; };
		AE05CAAB1C5BDD9A00451A00 /* DropItemM.m */ = {isa = PBXFileReference; fileEncoding = 4; lastKnownFileType = sourcecode.c.objc; path = DropItemM.m; sourceTree = "<group>"; };
		AE05CAAC1C5BDD9A00451A00 /* ItemM.h */ = {isa = PBXFileReference; fileEncoding = 4; lastKnownFileType = sourcecode.c.h; path = ItemM.h; sourceTree = "<group>"; };
		AE05CAAD1C5BDD9A00451A00 /* ItemM.m */ = {isa = PBXFileReference; fileEncoding = 4; lastKnownFileType = sourcecode.c.objc; path = ItemM.m; sourceTree = "<group>"; };
		AE05CAAE1C5BDD9A00451A00 /* JobM.h */ = {isa = PBXFileReference; fileEncoding = 4; lastKnownFileType = sourcecode.c.h; path = JobM.h; sourceTree = "<group>"; };
		AE05CAAF1C5BDD9A00451A00 /* JobM.m */ = {isa = PBXFileReference; fileEncoding = 4; lastKnownFileType = sourcecode.c.objc; path = JobM.m; sourceTree = "<group>"; };
		AE05CAB01C5BDD9A00451A00 /* MeigenM.h */ = {isa = PBXFileReference; fileEncoding = 4; lastKnownFileType = sourcecode.c.h; path = MeigenM.h; sourceTree = "<group>"; };
		AE05CAB11C5BDD9A00451A00 /* MeigenM.m */ = {isa = PBXFileReference; fileEncoding = 4; lastKnownFileType = sourcecode.c.objc; path = MeigenM.m; sourceTree = "<group>"; };
		AE05CAB21C5BDD9A00451A00 /* OkanM.h */ = {isa = PBXFileReference; fileEncoding = 4; lastKnownFileType = sourcecode.c.h; path = OkanM.h; sourceTree = "<group>"; };
		AE05CAB31C5BDD9A00451A00 /* OkanM.m */ = {isa = PBXFileReference; fileEncoding = 4; lastKnownFileType = sourcecode.c.objc; path = OkanM.m; sourceTree = "<group>"; };
		AE05CAB41C5BDD9A00451A00 /* ResultActionM.h */ = {isa = PBXFileReference; fileEncoding = 4; lastKnownFileType = sourcecode.c.h; path = ResultActionM.h; sourceTree = "<group>"; };
		AE05CAB51C5BDD9A00451A00 /* ResultActionM.m */ = {isa = PBXFileReference; fileEncoding = 4; lastKnownFileType = sourcecode.c.objc; path = ResultActionM.m; sourceTree = "<group>"; };
		AE05CAB61C5BDD9A00451A00 /* StageM.h */ = {isa = PBXFileReference; fileEncoding = 4; lastKnownFileType = sourcecode.c.h; path = StageM.h; sourceTree = "<group>"; };
		AE05CAB71C5BDD9A00451A00 /* StageM.m */ = {isa = PBXFileReference; fileEncoding = 4; lastKnownFileType = sourcecode.c.objc; path = StageM.m; sourceTree = "<group>"; };
		AE8E93931C5DE80D0031BF79 /* NeetMaster.sqlite */ = {isa = PBXFileReference; lastKnownFileType = file; path = NeetMaster.sqlite; sourceTree = "<group>"; };
		AE8E93941C5DE80D0031BF79 /* NeetMaster.sqlite-shm */ = {isa = PBXFileReference; lastKnownFileType = file; path = "NeetMaster.sqlite-shm"; sourceTree = "<group>"; };
		AE8E93951C5DE80D0031BF79 /* NeetMaster.sqlite-wal */ = {isa = PBXFileReference; fileEncoding = 4; lastKnownFileType = text; path = "NeetMaster.sqlite-wal"; sourceTree = "<group>"; };
		F41FD6021C4D29930086A607 /* NeeNeeApp-Bridging-Header.h */ = {isa = PBXFileReference; fileEncoding = 4; lastKnownFileType = sourcecode.c.h; path = "NeeNeeApp-Bridging-Header.h"; sourceTree = "<group>"; };
		F41FD62C1C4D3B640086A607 /* LINEActivity.h */ = {isa = PBXFileReference; fileEncoding = 4; lastKnownFileType = sourcecode.c.h; path = LINEActivity.h; sourceTree = "<group>"; };
		F41FD62D1C4D3B640086A607 /* LINEActivity.m */ = {isa = PBXFileReference; fileEncoding = 4; lastKnownFileType = sourcecode.c.objc; path = LINEActivity.m; sourceTree = "<group>"; };
		F41FD62E1C4D3B640086A607 /* LINEActivityIcon.png */ = {isa = PBXFileReference; lastKnownFileType = image.png; path = LINEActivityIcon.png; sourceTree = "<group>"; };
		F41FD62F1C4D3B640086A607 /* LINEActivityIcon@2x.png */ = {isa = PBXFileReference; lastKnownFileType = image.png; path = "LINEActivityIcon@2x.png"; sourceTree = "<group>"; };
		F41FD6301C4D3B640086A607 /* LINEActivityIcon@2x~ipad.png */ = {isa = PBXFileReference; lastKnownFileType = image.png; path = "LINEActivityIcon@2x~ipad.png"; sourceTree = "<group>"; };
		F41FD6311C4D3B640086A607 /* LINEActivityIcon@3x.png */ = {isa = PBXFileReference; lastKnownFileType = image.png; path = "LINEActivityIcon@3x.png"; sourceTree = "<group>"; };
		F41FD6321C4D3B640086A607 /* LINEActivityIcon~ipad.png */ = {isa = PBXFileReference; lastKnownFileType = image.png; path = "LINEActivityIcon~ipad.png"; sourceTree = "<group>"; };
		F439B4BF1C3FFD4A004E92B4 /* 暇で忙しい.mp3 */ = {isa = PBXFileReference; lastKnownFileType = audio.mp3; name = "暇で忙しい.mp3"; path = "../../../../001_ニートいじり/03_サウンド/暇で忙しい.mp3"; sourceTree = "<group>"; };
		F43D9B631C5D24240080F75D /* itemCell.swift */ = {isa = PBXFileReference; fileEncoding = 4; lastKnownFileType = sourcecode.swift; path = itemCell.swift; sourceTree = "<group>"; };
		F44149671C45559600E7FC53 /* se1.mp3 */ = {isa = PBXFileReference; lastKnownFileType = audio.mp3; name = se1.mp3; path = "../../../../001_ニートいじり/03_サウンド/se1.mp3"; sourceTree = "<group>"; };
		F44149681C45559600E7FC53 /* se2.mp3 */ = {isa = PBXFileReference; lastKnownFileType = audio.mp3; name = se2.mp3; path = "../../../../001_ニートいじり/03_サウンド/se2.mp3"; sourceTree = "<group>"; };
		F44149691C45559600E7FC53 /* se3.mp3 */ = {isa = PBXFileReference; lastKnownFileType = audio.mp3; name = se3.mp3; path = "../../../../001_ニートいじり/03_サウンド/se3.mp3"; sourceTree = "<group>"; };
		F441496A1C45559600E7FC53 /* se4.mp3 */ = {isa = PBXFileReference; lastKnownFileType = audio.mp3; name = se4.mp3; path = "../../../../001_ニートいじり/03_サウンド/se4.mp3"; sourceTree = "<group>"; };
		F441496B1C45559600E7FC53 /* se5.mp3 */ = {isa = PBXFileReference; lastKnownFileType = audio.mp3; name = se5.mp3; path = "../../../../001_ニートいじり/03_サウンド/se5.mp3"; sourceTree = "<group>"; };
		F441496C1C45559600E7FC53 /* se6.mp3 */ = {isa = PBXFileReference; lastKnownFileType = audio.mp3; name = se6.mp3; path = "../../../../001_ニートいじり/03_サウンド/se6.mp3"; sourceTree = "<group>"; };
		F441496D1C45559600E7FC53 /* 落ち着くところ.mp3 */ = {isa = PBXFileReference; lastKnownFileType = audio.mp3; name = "落ち着くところ.mp3"; path = "../../../../001_ニートいじり/03_サウンド/落ち着くところ.mp3"; sourceTree = "<group>"; };
		F44C0DE81C43EFF400B0CB27 /* Main.storyboard */ = {isa = PBXFileReference; fileEncoding = 4; lastKnownFileType = file.storyboard; name = Main.storyboard; path = Base.lproj/Main.storyboard; sourceTree = "<group>"; };
		F483300A1C2F040D00234B18 /* NeeNeeApp.app */ = {isa = PBXFileReference; explicitFileType = wrapper.application; includeInIndex = 0; path = NeeNeeApp.app; sourceTree = BUILT_PRODUCTS_DIR; };
		F483300D1C2F040D00234B18 /* AppDelegate.swift */ = {isa = PBXFileReference; lastKnownFileType = sourcecode.swift; path = AppDelegate.swift; sourceTree = "<group>"; };
		F483300F1C2F040D00234B18 /* ViewController.swift */ = {isa = PBXFileReference; lastKnownFileType = sourcecode.swift; path = ViewController.swift; sourceTree = "<group>"; };
		F48330151C2F040D00234B18 /* NeeNeeApp.xcdatamodel */ = {isa = PBXFileReference; lastKnownFileType = wrapper.xcdatamodel; path = NeeNeeApp.xcdatamodel; sourceTree = "<group>"; };
		F48330171C2F040D00234B18 /* Assets.xcassets */ = {isa = PBXFileReference; lastKnownFileType = folder.assetcatalog; path = Assets.xcassets; sourceTree = "<group>"; };
		F483301A1C2F040D00234B18 /* Base */ = {isa = PBXFileReference; lastKnownFileType = file.storyboard; name = Base; path = Base.lproj/LaunchScreen.storyboard; sourceTree = "<group>"; };
		F483301C1C2F040D00234B18 /* Info.plist */ = {isa = PBXFileReference; lastKnownFileType = text.plist.xml; path = Info.plist; sourceTree = "<group>"; };
		F48330211C2F040D00234B18 /* NeeNeeAppTests.xctest */ = {isa = PBXFileReference; explicitFileType = wrapper.cfbundle; includeInIndex = 0; path = NeeNeeAppTests.xctest; sourceTree = BUILT_PRODUCTS_DIR; };
		F48330251C2F040D00234B18 /* NeeNeeAppTests.swift */ = {isa = PBXFileReference; lastKnownFileType = sourcecode.swift; path = NeeNeeAppTests.swift; sourceTree = "<group>"; };
		F48330271C2F040D00234B18 /* Info.plist */ = {isa = PBXFileReference; lastKnownFileType = text.plist.xml; path = Info.plist; sourceTree = "<group>"; };
		F483302C1C2F040D00234B18 /* NeeNeeAppUITests.xctest */ = {isa = PBXFileReference; explicitFileType = wrapper.cfbundle; includeInIndex = 0; path = NeeNeeAppUITests.xctest; sourceTree = BUILT_PRODUCTS_DIR; };
		F48330301C2F040D00234B18 /* NeeNeeAppUITests.swift */ = {isa = PBXFileReference; lastKnownFileType = sourcecode.swift; path = NeeNeeAppUITests.swift; sourceTree = "<group>"; };
		F48330321C2F040D00234B18 /* Info.plist */ = {isa = PBXFileReference; lastKnownFileType = text.plist.xml; path = Info.plist; sourceTree = "<group>"; };
		F4A870D71C61D26A00AF9A32 /* 01_01_01.png */ = {isa = PBXFileReference; lastKnownFileType = image.png; path = 01_01_01.png; sourceTree = "<group>"; };
		F4A870D81C61D26A00AF9A32 /* 01_02_01.png */ = {isa = PBXFileReference; lastKnownFileType = image.png; path = 01_02_01.png; sourceTree = "<group>"; };
		F4A870D91C61D26A00AF9A32 /* 01_03_01.png */ = {isa = PBXFileReference; lastKnownFileType = image.png; path = 01_03_01.png; sourceTree = "<group>"; };
		F4A870DA1C61D26A00AF9A32 /* 01_03_02.png */ = {isa = PBXFileReference; lastKnownFileType = image.png; path = 01_03_02.png; sourceTree = "<group>"; };
		F4A870DB1C61D26A00AF9A32 /* 01_04_01.png */ = {isa = PBXFileReference; lastKnownFileType = image.png; path = 01_04_01.png; sourceTree = "<group>"; };
		F4A870DC1C61D26A00AF9A32 /* 01_04_02.png */ = {isa = PBXFileReference; lastKnownFileType = image.png; path = 01_04_02.png; sourceTree = "<group>"; };
		F4A870DD1C61D26A00AF9A32 /* 01_05_01.png */ = {isa = PBXFileReference; lastKnownFileType = image.png; path = 01_05_01.png; sourceTree = "<group>"; };
		F4A870DE1C61D26A00AF9A32 /* 01_05_02.png */ = {isa = PBXFileReference; lastKnownFileType = image.png; path = 01_05_02.png; sourceTree = "<group>"; };
		F4A870DF1C61D26A00AF9A32 /* 01_06_01.png */ = {isa = PBXFileReference; lastKnownFileType = image.png; path = 01_06_01.png; sourceTree = "<group>"; };
		F4A870E01C61D26A00AF9A32 /* 01_06_02.png */ = {isa = PBXFileReference; lastKnownFileType = image.png; path = 01_06_02.png; sourceTree = "<group>"; };
		F4A870E11C61D26A00AF9A32 /* 01_07_01.png */ = {isa = PBXFileReference; lastKnownFileType = image.png; path = 01_07_01.png; sourceTree = "<group>"; };
		F4A870E21C61D26A00AF9A32 /* 01_08_01.png */ = {isa = PBXFileReference; lastKnownFileType = image.png; path = 01_08_01.png; sourceTree = "<group>"; };
		F4A870E31C61D26A00AF9A32 /* 01_09_01.png */ = {isa = PBXFileReference; lastKnownFileType = image.png; path = 01_09_01.png; sourceTree = "<group>"; };
		F4A870E41C61D26A00AF9A32 /* 01_11_01.png */ = {isa = PBXFileReference; lastKnownFileType = image.png; path = 01_11_01.png; sourceTree = "<group>"; };
		F4A870E51C61D26A00AF9A32 /* 02_01_01.png */ = {isa = PBXFileReference; lastKnownFileType = image.png; path = 02_01_01.png; sourceTree = "<group>"; };
		F4A870E61C61D26A00AF9A32 /* 02_02_01.png */ = {isa = PBXFileReference; lastKnownFileType = image.png; path = 02_02_01.png; sourceTree = "<group>"; };
		F4A870E71C61D26A00AF9A32 /* 02_03_01.png */ = {isa = PBXFileReference; lastKnownFileType = image.png; path = 02_03_01.png; sourceTree = "<group>"; };
		F4A870E81C61D26A00AF9A32 /* 02_04_01.png */ = {isa = PBXFileReference; lastKnownFileType = image.png; path = 02_04_01.png; sourceTree = "<group>"; };
		F4A870E91C61D26A00AF9A32 /* 02_05_01.png */ = {isa = PBXFileReference; lastKnownFileType = image.png; path = 02_05_01.png; sourceTree = "<group>"; };
		F4A870EA1C61D26A00AF9A32 /* 02_06_01.png */ = {isa = PBXFileReference; lastKnownFileType = image.png; path = 02_06_01.png; sourceTree = "<group>"; };
		F4A870EB1C61D26A00AF9A32 /* 03_01_01.png */ = {isa = PBXFileReference; lastKnownFileType = image.png; path = 03_01_01.png; sourceTree = "<group>"; };
		F4A870EC1C61D26A00AF9A32 /* 03_02_01.png */ = {isa = PBXFileReference; lastKnownFileType = image.png; path = 03_02_01.png; sourceTree = "<group>"; };
		F4A870ED1C61D26A00AF9A32 /* 03_03_01.png */ = {isa = PBXFileReference; lastKnownFileType = image.png; path = 03_03_01.png; sourceTree = "<group>"; };
		F4A870EE1C61D26A00AF9A32 /* 03_04_01.png */ = {isa = PBXFileReference; lastKnownFileType = image.png; path = 03_04_01.png; sourceTree = "<group>"; };
		F4A870EF1C61D26A00AF9A32 /* 03_05_01.png */ = {isa = PBXFileReference; lastKnownFileType = image.png; path = 03_05_01.png; sourceTree = "<group>"; };
		F4A870F01C61D26A00AF9A32 /* 03_06_01.png */ = {isa = PBXFileReference; lastKnownFileType = image.png; path = 03_06_01.png; sourceTree = "<group>"; };
		F4A870F11C61D26A00AF9A32 /* 03_07_01.png */ = {isa = PBXFileReference; lastKnownFileType = image.png; path = 03_07_01.png; sourceTree = "<group>"; };
		F4A870F21C61D26A00AF9A32 /* 03_08_01.png */ = {isa = PBXFileReference; lastKnownFileType = image.png; path = 03_08_01.png; sourceTree = "<group>"; };
		F4A870F31C61D26A00AF9A32 /* 03_24_01.png */ = {isa = PBXFileReference; lastKnownFileType = image.png; path = 03_24_01.png; sourceTree = "<group>"; };
		F4A870F41C61D26A00AF9A32 /* 03_25_01.png */ = {isa = PBXFileReference; lastKnownFileType = image.png; path = 03_25_01.png; sourceTree = "<group>"; };
		F4A870F51C61D26A00AF9A32 /* 03_26_01.png */ = {isa = PBXFileReference; lastKnownFileType = image.png; path = 03_26_01.png; sourceTree = "<group>"; };
		F4A870F61C61D26A00AF9A32 /* 03_27_01.png */ = {isa = PBXFileReference; lastKnownFileType = image.png; path = 03_27_01.png; sourceTree = "<group>"; };
		F4A870F71C61D26A00AF9A32 /* 04_01_01_01_01.PNG */ = {isa = PBXFileReference; lastKnownFileType = image.png; path = 04_01_01_01_01.PNG; sourceTree = "<group>"; };
		F4A870F81C61D26A00AF9A32 /* 04_01_01_01_02.PNG */ = {isa = PBXFileReference; lastKnownFileType = image.png; path = 04_01_01_01_02.PNG; sourceTree = "<group>"; };
		F4A870F91C61D26A00AF9A32 /* 04_01_01_01_03.PNG */ = {isa = PBXFileReference; lastKnownFileType = image.png; path = 04_01_01_01_03.PNG; sourceTree = "<group>"; };
		F4A870FA1C61D26A00AF9A32 /* 04_01_01_01_04.PNG */ = {isa = PBXFileReference; lastKnownFileType = image.png; path = 04_01_01_01_04.PNG; sourceTree = "<group>"; };
		F4A870FB1C61D26A00AF9A32 /* 04_01_01_01_05.PNG */ = {isa = PBXFileReference; lastKnownFileType = image.png; path = 04_01_01_01_05.PNG; sourceTree = "<group>"; };
		F4A870FC1C61D26A00AF9A32 /* 04_01_01_01_06.PNG */ = {isa = PBXFileReference; lastKnownFileType = image.png; path = 04_01_01_01_06.PNG; sourceTree = "<group>"; };
		F4A870FD1C61D26A00AF9A32 /* 04_01_01_01_07.PNG */ = {isa = PBXFileReference; lastKnownFileType = image.png; path = 04_01_01_01_07.PNG; sourceTree = "<group>"; };
		F4A870FE1C61D26A00AF9A32 /* 04_01_01_01_08.PNG */ = {isa = PBXFileReference; lastKnownFileType = image.png; path = 04_01_01_01_08.PNG; sourceTree = "<group>"; };
		F4A870FF1C61D26A00AF9A32 /* 04_01_01_01_09.PNG */ = {isa = PBXFileReference; lastKnownFileType = image.png; path = 04_01_01_01_09.PNG; sourceTree = "<group>"; };
		F4A871001C61D26A00AF9A32 /* 04_01_01_01_10.PNG */ = {isa = PBXFileReference; lastKnownFileType = image.png; path = 04_01_01_01_10.PNG; sourceTree = "<group>"; };
		F4A871011C61D26A00AF9A32 /* 04_01_01_01_11.PNG */ = {isa = PBXFileReference; lastKnownFileType = image.png; path = 04_01_01_01_11.PNG; sourceTree = "<group>"; };
		F4A871021C61D26A00AF9A32 /* 04_01_01_01_12.PNG */ = {isa = PBXFileReference; lastKnownFileType = image.png; path = 04_01_01_01_12.PNG; sourceTree = "<group>"; };
		F4A871031C61D26A00AF9A32 /* 04_01_01_02_01.png */ = {isa = PBXFileReference; lastKnownFileType = image.png; path = 04_01_01_02_01.png; sourceTree = "<group>"; };
		F4A871041C61D26A00AF9A32 /* 04_01_01_03_01.png */ = {isa = PBXFileReference; lastKnownFileType = image.png; path = 04_01_01_03_01.png; sourceTree = "<group>"; };
		F4A871051C61D26A00AF9A32 /* 04_01_02_02_01.png */ = {isa = PBXFileReference; lastKnownFileType = image.png; path = 04_01_02_02_01.png; sourceTree = "<group>"; };
		F4A871061C61D26A00AF9A32 /* 04_01_02_03_01.png */ = {isa = PBXFileReference; lastKnownFileType = image.png; path = 04_01_02_03_01.png; sourceTree = "<group>"; };
		F4A871071C61D26A00AF9A32 /* 04_01_03_02_01.png */ = {isa = PBXFileReference; lastKnownFileType = image.png; path = 04_01_03_02_01.png; sourceTree = "<group>"; };
		F4A871081C61D26A00AF9A32 /* 04_01_04_02_01.png */ = {isa = PBXFileReference; lastKnownFileType = image.png; path = 04_01_04_02_01.png; sourceTree = "<group>"; };
		F4A871091C61D26A00AF9A32 /* 04_01_04_03_01.png */ = {isa = PBXFileReference; lastKnownFileType = image.png; path = 04_01_04_03_01.png; sourceTree = "<group>"; };
		F4A8710A1C61D26A00AF9A32 /* 04_01_04_06_01.png */ = {isa = PBXFileReference; lastKnownFileType = image.png; path = 04_01_04_06_01.png; sourceTree = "<group>"; };
		F4A8710B1C61D26A00AF9A32 /* 04_01_05_02_01.png */ = {isa = PBXFileReference; lastKnownFileType = image.png; path = 04_01_05_02_01.png; sourceTree = "<group>"; };
		F4A8710C1C61D26A00AF9A32 /* 04_01_05_03_01.png */ = {isa = PBXFileReference; lastKnownFileType = image.png; path = 04_01_05_03_01.png; sourceTree = "<group>"; };
		F4A8710D1C61D26A00AF9A32 /* 04_01_06_01_01.png */ = {isa = PBXFileReference; lastKnownFileType = image.png; path = 04_01_06_01_01.png; sourceTree = "<group>"; };
		F4A8710E1C61D26A00AF9A32 /* 04_01_08_02_01.png */ = {isa = PBXFileReference; lastKnownFileType = image.png; path = 04_01_08_02_01.png; sourceTree = "<group>"; };
		F4A8710F1C61D26A00AF9A32 /* 04_01_08_03_01.png */ = {isa = PBXFileReference; lastKnownFileType = image.png; path = 04_01_08_03_01.png; sourceTree = "<group>"; };
		F4A871101C61D26A00AF9A32 /* 04_01_09_02_01.png */ = {isa = PBXFileReference; lastKnownFileType = image.png; path = 04_01_09_02_01.png; sourceTree = "<group>"; };
		F4A871111C61D26A00AF9A32 /* 04_01_09_03_01.png */ = {isa = PBXFileReference; lastKnownFileType = image.png; path = 04_01_09_03_01.png; sourceTree = "<group>"; };
		F4A871121C61D26A00AF9A32 /* 04_01_14_01_01.png */ = {isa = PBXFileReference; lastKnownFileType = image.png; path = 04_01_14_01_01.png; sourceTree = "<group>"; };
		F4A871131C61D26A00AF9A32 /* 04_01_14_02_01.png */ = {isa = PBXFileReference; lastKnownFileType = image.png; path = 04_01_14_02_01.png; sourceTree = "<group>"; };
		F4A871141C61D26A00AF9A32 /* 04_01_14_03_01.png */ = {isa = PBXFileReference; lastKnownFileType = image.png; path = 04_01_14_03_01.png; sourceTree = "<group>"; };
		F4A871151C61D26A00AF9A32 /* 04_01_14_04_01.png */ = {isa = PBXFileReference; lastKnownFileType = image.png; path = 04_01_14_04_01.png; sourceTree = "<group>"; };
		F4A871161C61D26A00AF9A32 /* 04_01_14_05_01.png */ = {isa = PBXFileReference; lastKnownFileType = image.png; path = 04_01_14_05_01.png; sourceTree = "<group>"; };
		F4A871171C61D26A00AF9A32 /* 04_01_14_07_01.png */ = {isa = PBXFileReference; lastKnownFileType = image.png; path = 04_01_14_07_01.png; sourceTree = "<group>"; };
		F4A871181C61D26A00AF9A32 /* 05_01_01.png */ = {isa = PBXFileReference; lastKnownFileType = image.png; path = 05_01_01.png; sourceTree = "<group>"; };
		F4A871191C61D26A00AF9A32 /* 05_01_02.png */ = {isa = PBXFileReference; lastKnownFileType = image.png; path = 05_01_02.png; sourceTree = "<group>"; };
		F4A8711A1C61D26A00AF9A32 /* 06_01_01.png */ = {isa = PBXFileReference; lastKnownFileType = image.png; path = 06_01_01.png; sourceTree = "<group>"; };
		F4A8711B1C61D26A00AF9A32 /* 06_02_01.png */ = {isa = PBXFileReference; lastKnownFileType = image.png; path = 06_02_01.png; sourceTree = "<group>"; };
		F4A8711C1C61D26A00AF9A32 /* 06_03_01.png */ = {isa = PBXFileReference; lastKnownFileType = image.png; path = 06_03_01.png; sourceTree = "<group>"; };
		F4A8711D1C61D26A00AF9A32 /* 06_04_01.png */ = {isa = PBXFileReference; lastKnownFileType = image.png; path = 06_04_01.png; sourceTree = "<group>"; };
		F4A8711E1C61D26A00AF9A32 /* 06_05_01.png */ = {isa = PBXFileReference; lastKnownFileType = image.png; path = 06_05_01.png; sourceTree = "<group>"; };
		F4A8711F1C61D26A00AF9A32 /* 06_06_01.png */ = {isa = PBXFileReference; lastKnownFileType = image.png; path = 06_06_01.png; sourceTree = "<group>"; };
		F4A871201C61D26A00AF9A32 /* 06_07_01.png */ = {isa = PBXFileReference; lastKnownFileType = image.png; path = 06_07_01.png; sourceTree = "<group>"; };
		F4A871211C61D26A00AF9A32 /* 06_08_01.png */ = {isa = PBXFileReference; lastKnownFileType = image.png; path = 06_08_01.png; sourceTree = "<group>"; };
		F4A871221C61D26A00AF9A32 /* 06_10_01.png */ = {isa = PBXFileReference; lastKnownFileType = image.png; path = 06_10_01.png; sourceTree = "<group>"; };
		F4A871231C61D26A00AF9A32 /* 07_01_01.png */ = {isa = PBXFileReference; lastKnownFileType = image.png; path = 07_01_01.png; sourceTree = "<group>"; };
		F4A871241C61D26A00AF9A32 /* 07_02_01.png */ = {isa = PBXFileReference; lastKnownFileType = image.png; path = 07_02_01.png; sourceTree = "<group>"; };
		F4A871251C61D26A00AF9A32 /* 07_02_02.png */ = {isa = PBXFileReference; lastKnownFileType = image.png; path = 07_02_02.png; sourceTree = "<group>"; };
		F4A871261C61D26A00AF9A32 /* 08_01_01.png */ = {isa = PBXFileReference; lastKnownFileType = image.png; path = 08_01_01.png; sourceTree = "<group>"; };
		F4A871271C61D26A00AF9A32 /* 08_02_01.png */ = {isa = PBXFileReference; lastKnownFileType = image.png; path = 08_02_01.png; sourceTree = "<group>"; };
		F4A871791C61EF6E00AF9A32 /* 01_02_02.png */ = {isa = PBXFileReference; lastKnownFileType = image.png; path = 01_02_02.png; sourceTree = "<group>"; };
		F4EB1D06214EC164462ADCDD /* libPods-NeeNeeApp.a */ = {isa = PBXFileReference; explicitFileType = archive.ar; includeInIndex = 0; path = "libPods-NeeNeeApp.a"; sourceTree = BUILT_PRODUCTS_DIR; };
/* End PBXFileReference section */

/* Begin PBXFrameworksBuildPhase section */
		F48330071C2F040D00234B18 /* Frameworks */ = {
			isa = PBXFrameworksBuildPhase;
			buildActionMask = 2147483647;
			files = (
				564CDF907C4EC18FA819679E /* libPods-NeeNeeApp.a in Frameworks */,
			);
			runOnlyForDeploymentPostprocessing = 0;
		};
		F483301E1C2F040D00234B18 /* Frameworks */ = {
			isa = PBXFrameworksBuildPhase;
			buildActionMask = 2147483647;
			files = (
			);
			runOnlyForDeploymentPostprocessing = 0;
		};
		F48330291C2F040D00234B18 /* Frameworks */ = {
			isa = PBXFrameworksBuildPhase;
			buildActionMask = 2147483647;
			files = (
			);
			runOnlyForDeploymentPostprocessing = 0;
		};
/* End PBXFrameworksBuildPhase section */

/* Begin PBXGroup section */
		0861DB193B00A87D872A00BA /* Pods */ = {
			isa = PBXGroup;
			children = (
				061F3FC4E89134E46B5F4A8E /* Pods-NeeNeeApp.debug.xcconfig */,
				76D912C337F465574C4CC36B /* Pods-NeeNeeApp.release.xcconfig */,
			);
			name = Pods;
			sourceTree = "<group>";
		};
		AE05CA9B1C5BDD9A00451A00 /* Model */ = {
			isa = PBXGroup;
			children = (
				AE05CA9C1C5BDD9A00451A00 /* _DropItemM.h */,
				AE05CA9D1C5BDD9A00451A00 /* _DropItemM.m */,
				AE05CA9E1C5BDD9A00451A00 /* _ItemM.h */,
				AE05CA9F1C5BDD9A00451A00 /* _ItemM.m */,
				AE05CAA01C5BDD9A00451A00 /* _JobM.h */,
				AE05CAA11C5BDD9A00451A00 /* _JobM.m */,
				AE05CAA21C5BDD9A00451A00 /* _MeigenM.h */,
				AE05CAA31C5BDD9A00451A00 /* _MeigenM.m */,
				AE05CAA41C5BDD9A00451A00 /* _OkanM.h */,
				AE05CAA51C5BDD9A00451A00 /* _OkanM.m */,
				AE05CAA61C5BDD9A00451A00 /* _ResultActionM.h */,
				AE05CAA71C5BDD9A00451A00 /* _ResultActionM.m */,
				AE05CAA81C5BDD9A00451A00 /* _StageM.h */,
				AE05CAA91C5BDD9A00451A00 /* _StageM.m */,
				AE05CAAA1C5BDD9A00451A00 /* DropItemM.h */,
				AE05CAAB1C5BDD9A00451A00 /* DropItemM.m */,
				AE05CAAC1C5BDD9A00451A00 /* ItemM.h */,
				AE05CAAD1C5BDD9A00451A00 /* ItemM.m */,
				AE05CAAE1C5BDD9A00451A00 /* JobM.h */,
				AE05CAAF1C5BDD9A00451A00 /* JobM.m */,
				AE05CAB01C5BDD9A00451A00 /* MeigenM.h */,
				AE05CAB11C5BDD9A00451A00 /* MeigenM.m */,
				AE05CAB21C5BDD9A00451A00 /* OkanM.h */,
				AE05CAB31C5BDD9A00451A00 /* OkanM.m */,
				AE05CAB41C5BDD9A00451A00 /* ResultActionM.h */,
				AE05CAB51C5BDD9A00451A00 /* ResultActionM.m */,
				AE05CAB61C5BDD9A00451A00 /* StageM.h */,
				AE05CAB71C5BDD9A00451A00 /* StageM.m */,
			);
			path = Model;
			sourceTree = "<group>";
		};
		AE8E93921C5DE2BE0031BF79 /* Resources */ = {
			isa = PBXGroup;
			children = (
				AE8E93931C5DE80D0031BF79 /* NeetMaster.sqlite */,
				AE8E93941C5DE80D0031BF79 /* NeetMaster.sqlite-shm */,
				AE8E93951C5DE80D0031BF79 /* NeetMaster.sqlite-wal */,
			);
			path = Resources;
			sourceTree = "<group>";
		};
		E0948DE9BFEBC44A9DFED657 /* Frameworks */ = {
			isa = PBXGroup;
			children = (
				F4EB1D06214EC164462ADCDD /* libPods-NeeNeeApp.a */,
			);
			name = Frameworks;
			sourceTree = "<group>";
		};
		F41FD5F01C4D23C40086A607 /* Image */ = {
			isa = PBXGroup;
			children = (
				F4A871791C61EF6E00AF9A32 /* 01_02_02.png */,
				F4A870D71C61D26A00AF9A32 /* 01_01_01.png */,
				F4A870D81C61D26A00AF9A32 /* 01_02_01.png */,
				F4A870D91C61D26A00AF9A32 /* 01_03_01.png */,
				F4A870DA1C61D26A00AF9A32 /* 01_03_02.png */,
				F4A870DB1C61D26A00AF9A32 /* 01_04_01.png */,
				F4A870DC1C61D26A00AF9A32 /* 01_04_02.png */,
				F4A870DD1C61D26A00AF9A32 /* 01_05_01.png */,
				F4A870DE1C61D26A00AF9A32 /* 01_05_02.png */,
				F4A870DF1C61D26A00AF9A32 /* 01_06_01.png */,
				F4A870E01C61D26A00AF9A32 /* 01_06_02.png */,
				F4A870E11C61D26A00AF9A32 /* 01_07_01.png */,
				F4A870E21C61D26A00AF9A32 /* 01_08_01.png */,
				F4A870E31C61D26A00AF9A32 /* 01_09_01.png */,
				F4A870E41C61D26A00AF9A32 /* 01_11_01.png */,
				F4A870E51C61D26A00AF9A32 /* 02_01_01.png */,
				F4A870E61C61D26A00AF9A32 /* 02_02_01.png */,
				F4A870E71C61D26A00AF9A32 /* 02_03_01.png */,
				F4A870E81C61D26A00AF9A32 /* 02_04_01.png */,
				F4A870E91C61D26A00AF9A32 /* 02_05_01.png */,
				F4A870EA1C61D26A00AF9A32 /* 02_06_01.png */,
				F4A870EB1C61D26A00AF9A32 /* 03_01_01.png */,
				F4A870EC1C61D26A00AF9A32 /* 03_02_01.png */,
				F4A870ED1C61D26A00AF9A32 /* 03_03_01.png */,
				F4A870EE1C61D26A00AF9A32 /* 03_04_01.png */,
				F4A870EF1C61D26A00AF9A32 /* 03_05_01.png */,
				F4A870F01C61D26A00AF9A32 /* 03_06_01.png */,
				F4A870F11C61D26A00AF9A32 /* 03_07_01.png */,
				F4A870F21C61D26A00AF9A32 /* 03_08_01.png */,
				F4A870F31C61D26A00AF9A32 /* 03_24_01.png */,
				F4A870F41C61D26A00AF9A32 /* 03_25_01.png */,
				F4A870F51C61D26A00AF9A32 /* 03_26_01.png */,
				F4A870F61C61D26A00AF9A32 /* 03_27_01.png */,
				F4A870F71C61D26A00AF9A32 /* 04_01_01_01_01.PNG */,
				F4A870F81C61D26A00AF9A32 /* 04_01_01_01_02.PNG */,
				F4A870F91C61D26A00AF9A32 /* 04_01_01_01_03.PNG */,
				F4A870FA1C61D26A00AF9A32 /* 04_01_01_01_04.PNG */,
				F4A870FB1C61D26A00AF9A32 /* 04_01_01_01_05.PNG */,
				F4A870FC1C61D26A00AF9A32 /* 04_01_01_01_06.PNG */,
				F4A870FD1C61D26A00AF9A32 /* 04_01_01_01_07.PNG */,
				F4A870FE1C61D26A00AF9A32 /* 04_01_01_01_08.PNG */,
				F4A870FF1C61D26A00AF9A32 /* 04_01_01_01_09.PNG */,
				F4A871001C61D26A00AF9A32 /* 04_01_01_01_10.PNG */,
				F4A871011C61D26A00AF9A32 /* 04_01_01_01_11.PNG */,
				F4A871021C61D26A00AF9A32 /* 04_01_01_01_12.PNG */,
				F4A871031C61D26A00AF9A32 /* 04_01_01_02_01.png */,
				F4A871041C61D26A00AF9A32 /* 04_01_01_03_01.png */,
				F4A871051C61D26A00AF9A32 /* 04_01_02_02_01.png */,
				F4A871061C61D26A00AF9A32 /* 04_01_02_03_01.png */,
				F4A871071C61D26A00AF9A32 /* 04_01_03_02_01.png */,
				F4A871081C61D26A00AF9A32 /* 04_01_04_02_01.png */,
				F4A871091C61D26A00AF9A32 /* 04_01_04_03_01.png */,
				F4A8710A1C61D26A00AF9A32 /* 04_01_04_06_01.png */,
				F4A8710B1C61D26A00AF9A32 /* 04_01_05_02_01.png */,
				F4A8710C1C61D26A00AF9A32 /* 04_01_05_03_01.png */,
				F4A8710D1C61D26A00AF9A32 /* 04_01_06_01_01.png */,
				F4A8710E1C61D26A00AF9A32 /* 04_01_08_02_01.png */,
				F4A8710F1C61D26A00AF9A32 /* 04_01_08_03_01.png */,
				F4A871101C61D26A00AF9A32 /* 04_01_09_02_01.png */,
				F4A871111C61D26A00AF9A32 /* 04_01_09_03_01.png */,
				F4A871121C61D26A00AF9A32 /* 04_01_14_01_01.png */,
				F4A871131C61D26A00AF9A32 /* 04_01_14_02_01.png */,
				F4A871141C61D26A00AF9A32 /* 04_01_14_03_01.png */,
				F4A871151C61D26A00AF9A32 /* 04_01_14_04_01.png */,
				F4A871161C61D26A00AF9A32 /* 04_01_14_05_01.png */,
				F4A871171C61D26A00AF9A32 /* 04_01_14_07_01.png */,
				F4A871181C61D26A00AF9A32 /* 05_01_01.png */,
				F4A871191C61D26A00AF9A32 /* 05_01_02.png */,
				F4A8711A1C61D26A00AF9A32 /* 06_01_01.png */,
				F4A8711B1C61D26A00AF9A32 /* 06_02_01.png */,
				F4A8711C1C61D26A00AF9A32 /* 06_03_01.png */,
				F4A8711D1C61D26A00AF9A32 /* 06_04_01.png */,
				F4A8711E1C61D26A00AF9A32 /* 06_05_01.png */,
				F4A8711F1C61D26A00AF9A32 /* 06_06_01.png */,
				F4A871201C61D26A00AF9A32 /* 06_07_01.png */,
				F4A871211C61D26A00AF9A32 /* 06_08_01.png */,
				F4A871221C61D26A00AF9A32 /* 06_10_01.png */,
				F4A871231C61D26A00AF9A32 /* 07_01_01.png */,
				F4A871241C61D26A00AF9A32 /* 07_02_01.png */,
				F4A871251C61D26A00AF9A32 /* 07_02_02.png */,
				F4A871261C61D26A00AF9A32 /* 08_01_01.png */,
				F4A871271C61D26A00AF9A32 /* 08_02_01.png */,
			);
			name = Image;
			sourceTree = "<group>";
		};
		F41FD6031C4D2B4B0086A607 /* Sound */ = {
			isa = PBXGroup;
			children = (
				F44149671C45559600E7FC53 /* se1.mp3 */,
				F44149681C45559600E7FC53 /* se2.mp3 */,
				F44149691C45559600E7FC53 /* se3.mp3 */,
				F441496A1C45559600E7FC53 /* se4.mp3 */,
				F441496B1C45559600E7FC53 /* se5.mp3 */,
				F441496C1C45559600E7FC53 /* se6.mp3 */,
				F441496D1C45559600E7FC53 /* 落ち着くところ.mp3 */,
				F439B4BF1C3FFD4A004E92B4 /* 暇で忙しい.mp3 */,
			);
			name = Sound;
			sourceTree = "<group>";
		};
		F41FD62B1C4D3B640086A607 /* LINEActivity */ = {
			isa = PBXGroup;
			children = (
				F41FD62C1C4D3B640086A607 /* LINEActivity.h */,
				F41FD62D1C4D3B640086A607 /* LINEActivity.m */,
				F41FD62E1C4D3B640086A607 /* LINEActivityIcon.png */,
				F41FD62F1C4D3B640086A607 /* LINEActivityIcon@2x.png */,
				F41FD6301C4D3B640086A607 /* LINEActivityIcon@2x~ipad.png */,
				F41FD6311C4D3B640086A607 /* LINEActivityIcon@3x.png */,
				F41FD6321C4D3B640086A607 /* LINEActivityIcon~ipad.png */,
			);
			path = LINEActivity;
			sourceTree = "<group>";
		};
		F48330011C2F040D00234B18 = {
			isa = PBXGroup;
			children = (
				F483300C1C2F040D00234B18 /* NeeNeeApp */,
				F48330241C2F040D00234B18 /* NeeNeeAppTests */,
				F483302F1C2F040D00234B18 /* NeeNeeAppUITests */,
				F483300B1C2F040D00234B18 /* Products */,
				0861DB193B00A87D872A00BA /* Pods */,
				E0948DE9BFEBC44A9DFED657 /* Frameworks */,
			);
			sourceTree = "<group>";
		};
		F483300B1C2F040D00234B18 /* Products */ = {
			isa = PBXGroup;
			children = (
				F483300A1C2F040D00234B18 /* NeeNeeApp.app */,
				F48330211C2F040D00234B18 /* NeeNeeAppTests.xctest */,
				F483302C1C2F040D00234B18 /* NeeNeeAppUITests.xctest */,
			);
			name = Products;
			sourceTree = "<group>";
		};
		F483300C1C2F040D00234B18 /* NeeNeeApp */ = {
			isa = PBXGroup;
			children = (
				AE8E93921C5DE2BE0031BF79 /* Resources */,
				AE05CA9B1C5BDD9A00451A00 /* Model */,
				F41FD62B1C4D3B640086A607 /* LINEActivity */,
				F41FD6031C4D2B4B0086A607 /* Sound */,
				F41FD5F01C4D23C40086A607 /* Image */,
				F483300D1C2F040D00234B18 /* AppDelegate.swift */,
				F483300F1C2F040D00234B18 /* ViewController.swift */,
				F43D9B631C5D24240080F75D /* itemCell.swift */,
				F41FD6021C4D29930086A607 /* NeeNeeApp-Bridging-Header.h */,
				F48330171C2F040D00234B18 /* Assets.xcassets */,
				F44C0DE81C43EFF400B0CB27 /* Main.storyboard */,
				F48330191C2F040D00234B18 /* LaunchScreen.storyboard */,
				F48330141C2F040D00234B18 /* NeeNeeApp.xcdatamodeld */,
				F483301C1C2F040D00234B18 /* Info.plist */,
			);
			path = NeeNeeApp;
			sourceTree = "<group>";
		};
		F48330241C2F040D00234B18 /* NeeNeeAppTests */ = {
			isa = PBXGroup;
			children = (
				F48330251C2F040D00234B18 /* NeeNeeAppTests.swift */,
				F48330271C2F040D00234B18 /* Info.plist */,
			);
			path = NeeNeeAppTests;
			sourceTree = "<group>";
		};
		F483302F1C2F040D00234B18 /* NeeNeeAppUITests */ = {
			isa = PBXGroup;
			children = (
				F48330301C2F040D00234B18 /* NeeNeeAppUITests.swift */,
				F48330321C2F040D00234B18 /* Info.plist */,
			);
			path = NeeNeeAppUITests;
			sourceTree = "<group>";
		};
/* End PBXGroup section */

/* Begin PBXHeadersBuildPhase section */
		F41FD60A1C4D2F220086A607 /* Headers */ = {
			isa = PBXHeadersBuildPhase;
			buildActionMask = 2147483647;
			files = (
				AE05CABC1C5BDD9A00451A00 /* _JobM.h in Headers */,
				AE05CACC1C5BDD9A00451A00 /* MeigenM.h in Headers */,
				AE05CACE1C5BDD9A00451A00 /* OkanM.h in Headers */,
				AE05CAC61C5BDD9A00451A00 /* DropItemM.h in Headers */,
				AE05CAB81C5BDD9A00451A00 /* _DropItemM.h in Headers */,
				AE05CABE1C5BDD9A00451A00 /* _MeigenM.h in Headers */,
				AE05CACA1C5BDD9A00451A00 /* JobM.h in Headers */,
				AE05CAC21C5BDD9A00451A00 /* _ResultActionM.h in Headers */,
				AE05CAC01C5BDD9A00451A00 /* _OkanM.h in Headers */,
				AE05CAD01C5BDD9A00451A00 /* ResultActionM.h in Headers */,
				F41FD6331C4D3B640086A607 /* LINEActivity.h in Headers */,
				AE05CABA1C5BDD9A00451A00 /* _ItemM.h in Headers */,
				AE05CAC41C5BDD9A00451A00 /* _StageM.h in Headers */,
				AE05CAD21C5BDD9A00451A00 /* StageM.h in Headers */,
				AE05CAC81C5BDD9A00451A00 /* ItemM.h in Headers */,
			);
			runOnlyForDeploymentPostprocessing = 0;
		};
/* End PBXHeadersBuildPhase section */

/* Begin PBXNativeTarget section */
		F48330091C2F040D00234B18 /* NeeNeeApp */ = {
			isa = PBXNativeTarget;
			buildConfigurationList = F48330351C2F040D00234B18 /* Build configuration list for PBXNativeTarget "NeeNeeApp" */;
			buildPhases = (
				F3A8570C5D495BE77EF22509 /* Check Pods Manifest.lock */,
				F48330061C2F040D00234B18 /* Sources */,
				F48330071C2F040D00234B18 /* Frameworks */,
				F48330081C2F040D00234B18 /* Resources */,
				F41FD60A1C4D2F220086A607 /* Headers */,
				8B92455C33C56343C544CA55 /* Embed Pods Frameworks */,
				4B21C7B8DA4CBBA849B72C0E /* Copy Pods Resources */,
			);
			buildRules = (
			);
			dependencies = (
			);
			name = NeeNeeApp;
			productName = NeeNeeApp;
			productReference = F483300A1C2F040D00234B18 /* NeeNeeApp.app */;
			productType = "com.apple.product-type.application";
		};
		F48330201C2F040D00234B18 /* NeeNeeAppTests */ = {
			isa = PBXNativeTarget;
			buildConfigurationList = F48330381C2F040D00234B18 /* Build configuration list for PBXNativeTarget "NeeNeeAppTests" */;
			buildPhases = (
				F483301D1C2F040D00234B18 /* Sources */,
				F483301E1C2F040D00234B18 /* Frameworks */,
				F483301F1C2F040D00234B18 /* Resources */,
			);
			buildRules = (
			);
			dependencies = (
				F48330231C2F040D00234B18 /* PBXTargetDependency */,
			);
			name = NeeNeeAppTests;
			productName = NeeNeeAppTests;
			productReference = F48330211C2F040D00234B18 /* NeeNeeAppTests.xctest */;
			productType = "com.apple.product-type.bundle.unit-test";
		};
		F483302B1C2F040D00234B18 /* NeeNeeAppUITests */ = {
			isa = PBXNativeTarget;
			buildConfigurationList = F483303B1C2F040D00234B18 /* Build configuration list for PBXNativeTarget "NeeNeeAppUITests" */;
			buildPhases = (
				F48330281C2F040D00234B18 /* Sources */,
				F48330291C2F040D00234B18 /* Frameworks */,
				F483302A1C2F040D00234B18 /* Resources */,
			);
			buildRules = (
			);
			dependencies = (
				F483302E1C2F040D00234B18 /* PBXTargetDependency */,
			);
			name = NeeNeeAppUITests;
			productName = NeeNeeAppUITests;
			productReference = F483302C1C2F040D00234B18 /* NeeNeeAppUITests.xctest */;
			productType = "com.apple.product-type.bundle.ui-testing";
		};
/* End PBXNativeTarget section */

/* Begin PBXProject section */
		F48330021C2F040D00234B18 /* Project object */ = {
			isa = PBXProject;
			attributes = {
				LastSwiftUpdateCheck = 0720;
				LastUpgradeCheck = 0720;
				ORGANIZATIONNAME = KojiIshikawa;
				TargetAttributes = {
					F48330091C2F040D00234B18 = {
						CreatedOnToolsVersion = 7.2;
						DevelopmentTeam = 82Y66MPE59;
					};
					F48330201C2F040D00234B18 = {
						CreatedOnToolsVersion = 7.2;
						DevelopmentTeam = 82Y66MPE59;
						TestTargetID = F48330091C2F040D00234B18;
					};
					F483302B1C2F040D00234B18 = {
						CreatedOnToolsVersion = 7.2;
						DevelopmentTeam = 82Y66MPE59;
						TestTargetID = F48330091C2F040D00234B18;
					};
				};
			};
			buildConfigurationList = F48330051C2F040D00234B18 /* Build configuration list for PBXProject "NeeNeeApp" */;
			compatibilityVersion = "Xcode 3.2";
			developmentRegion = English;
			hasScannedForEncodings = 0;
			knownRegions = (
				en,
				Base,
			);
			mainGroup = F48330011C2F040D00234B18;
			productRefGroup = F483300B1C2F040D00234B18 /* Products */;
			projectDirPath = "";
			projectRoot = "";
			targets = (
				F48330091C2F040D00234B18 /* NeeNeeApp */,
				F48330201C2F040D00234B18 /* NeeNeeAppTests */,
				F483302B1C2F040D00234B18 /* NeeNeeAppUITests */,
			);
		};
/* End PBXProject section */

/* Begin PBXResourcesBuildPhase section */
		F48330081C2F040D00234B18 /* Resources */ = {
			isa = PBXResourcesBuildPhase;
			buildActionMask = 2147483647;
			files = (
				F41FD6381C4D3B640086A607 /* LINEActivityIcon@3x.png in Resources */,
				F4A8715F1C61D26A00AF9A32 /* 04_01_08_02_01.png in Resources */,
				F44149731C45559600E7FC53 /* se6.mp3 in Resources */,
				F4A8712E1C61D26A00AF9A32 /* 01_05_01.png in Resources */,
				F41FD6351C4D3B640086A607 /* LINEActivityIcon.png in Resources */,
				F4A871551C61D26A00AF9A32 /* 04_01_01_03_01.png in Resources */,
				F4A871661C61D26A00AF9A32 /* 04_01_14_04_01.png in Resources */,
				F4A871561C61D26A00AF9A32 /* 04_01_02_02_01.png in Resources */,
				F4A871621C61D26A00AF9A32 /* 04_01_09_03_01.png in Resources */,
				F4A8716B1C61D26A00AF9A32 /* 06_01_01.png in Resources */,
				F4A871471C61D26A00AF9A32 /* 03_27_01.png in Resources */,
				F44149701C45559600E7FC53 /* se3.mp3 in Resources */,
				F4A871721C61D26A00AF9A32 /* 06_08_01.png in Resources */,
				F4A871491C61D26A00AF9A32 /* 04_01_01_01_02.PNG in Resources */,
				F4A871711C61D26A00AF9A32 /* 06_07_01.png in Resources */,
				F4A871301C61D26A00AF9A32 /* 01_06_01.png in Resources */,
				F4A871781C61D26A00AF9A32 /* 08_02_01.png in Resources */,
				F41FD6371C4D3B640086A607 /* LINEActivityIcon@2x~ipad.png in Resources */,
				F4A8716F1C61D26A00AF9A32 /* 06_05_01.png in Resources */,
				F4A871361C61D26A00AF9A32 /* 02_01_01.png in Resources */,
				F4A871481C61D26A00AF9A32 /* 04_01_01_01_01.PNG in Resources */,
				F441496E1C45559600E7FC53 /* se1.mp3 in Resources */,
				F4A8716A1C61D26A00AF9A32 /* 05_01_02.png in Resources */,
				F4A871341C61D26A00AF9A32 /* 01_09_01.png in Resources */,
				F4A8713D1C61D26A00AF9A32 /* 03_02_01.png in Resources */,
				F4A871761C61D26A00AF9A32 /* 07_02_02.png in Resources */,
				F4A8713C1C61D26A00AF9A32 /* 03_01_01.png in Resources */,
				F4A871751C61D26A00AF9A32 /* 07_02_01.png in Resources */,
				F4A871391C61D26A00AF9A32 /* 02_04_01.png in Resources */,
				F4A871311C61D26A00AF9A32 /* 01_06_02.png in Resources */,
				F4A871771C61D26A00AF9A32 /* 08_01_01.png in Resources */,
				F439B4C01C3FFD4A004E92B4 /* 暇で忙しい.mp3 in Resources */,
				F44149721C45559600E7FC53 /* se5.mp3 in Resources */,
				F483301B1C2F040D00234B18 /* LaunchScreen.storyboard in Resources */,
				F4A871461C61D26A00AF9A32 /* 03_26_01.png in Resources */,
				F441496F1C45559600E7FC53 /* se2.mp3 in Resources */,
				F41FD6361C4D3B640086A607 /* LINEActivityIcon@2x.png in Resources */,
				F4A8716D1C61D26A00AF9A32 /* 06_03_01.png in Resources */,
				F4A8712C1C61D26A00AF9A32 /* 01_04_01.png in Resources */,
				AE8E93981C5DE80D0031BF79 /* NeetMaster.sqlite-wal in Resources */,
				F4A8714E1C61D26A00AF9A32 /* 04_01_01_01_07.PNG in Resources */,
				F4A871641C61D26A00AF9A32 /* 04_01_14_02_01.png in Resources */,
				F4A871741C61D26A00AF9A32 /* 07_01_01.png in Resources */,
				F4A871581C61D26A00AF9A32 /* 04_01_03_02_01.png in Resources */,
				F4A8712F1C61D26A00AF9A32 /* 01_05_02.png in Resources */,
				F4A871291C61D26A00AF9A32 /* 01_02_01.png in Resources */,
				F4A8716E1C61D26A00AF9A32 /* 06_04_01.png in Resources */,
				F4A871441C61D26A00AF9A32 /* 03_24_01.png in Resources */,
				F4A871281C61D26A00AF9A32 /* 01_01_01.png in Resources */,
				F4A8714A1C61D26A00AF9A32 /* 04_01_01_01_03.PNG in Resources */,
				F4A871431C61D26A00AF9A32 /* 03_08_01.png in Resources */,
				F4A8715B1C61D26A00AF9A32 /* 04_01_04_06_01.png in Resources */,
				F4A871351C61D26A00AF9A32 /* 01_11_01.png in Resources */,
				F4A871601C61D26A00AF9A32 /* 04_01_08_03_01.png in Resources */,
				F4A8714F1C61D26A00AF9A32 /* 04_01_01_01_08.PNG in Resources */,
				F4A871691C61D26A00AF9A32 /* 05_01_01.png in Resources */,
				F4A8715C1C61D26A00AF9A32 /* 04_01_05_02_01.png in Resources */,
				AE8E93971C5DE80D0031BF79 /* NeetMaster.sqlite-shm in Resources */,
				F4A8715E1C61D26A00AF9A32 /* 04_01_06_01_01.png in Resources */,
				F4A8713F1C61D26A00AF9A32 /* 03_04_01.png in Resources */,
				F4A871381C61D26A00AF9A32 /* 02_03_01.png in Resources */,
				F4A8712D1C61D26A00AF9A32 /* 01_04_02.png in Resources */,
				F44C0DE91C43EFF400B0CB27 /* Main.storyboard in Resources */,
				F4A871731C61D26A00AF9A32 /* 06_10_01.png in Resources */,
				F4A8715D1C61D26A00AF9A32 /* 04_01_05_03_01.png in Resources */,
				F4A871681C61D26A00AF9A32 /* 04_01_14_07_01.png in Resources */,
				F4A871421C61D26A00AF9A32 /* 03_07_01.png in Resources */,
				F4A871401C61D26A00AF9A32 /* 03_05_01.png in Resources */,
				F4A871511C61D26A00AF9A32 /* 04_01_01_01_10.PNG in Resources */,
				F4A871571C61D26A00AF9A32 /* 04_01_02_03_01.png in Resources */,
				F4A871541C61D26A00AF9A32 /* 04_01_01_02_01.png in Resources */,
				F4A871501C61D26A00AF9A32 /* 04_01_01_01_09.PNG in Resources */,
				F4A8713A1C61D26A00AF9A32 /* 02_05_01.png in Resources */,
				F44149711C45559600E7FC53 /* se4.mp3 in Resources */,
				F4A871331C61D26A00AF9A32 /* 01_08_01.png in Resources */,
				F4A871411C61D26A00AF9A32 /* 03_06_01.png in Resources */,
				F4A871591C61D26A00AF9A32 /* 04_01_04_02_01.png in Resources */,
				F44149741C45559600E7FC53 /* 落ち着くところ.mp3 in Resources */,
				F4A8713B1C61D26A00AF9A32 /* 02_06_01.png in Resources */,
				F4A8713E1C61D26A00AF9A32 /* 03_03_01.png in Resources */,
				F4A871631C61D26A00AF9A32 /* 04_01_14_01_01.png in Resources */,
				F4A871651C61D26A00AF9A32 /* 04_01_14_03_01.png in Resources */,
				F4A8715A1C61D26A00AF9A32 /* 04_01_04_03_01.png in Resources */,
				F4A871371C61D26A00AF9A32 /* 02_02_01.png in Resources */,
				F4A8712A1C61D26A00AF9A32 /* 01_03_01.png in Resources */,
				F4A871611C61D26A00AF9A32 /* 04_01_09_02_01.png in Resources */,
				F4A871701C61D26A00AF9A32 /* 06_06_01.png in Resources */,
				AE8E93961C5DE80D0031BF79 /* NeetMaster.sqlite in Resources */,
				F4A871321C61D26A00AF9A32 /* 01_07_01.png in Resources */,
				F4A8714D1C61D26A00AF9A32 /* 04_01_01_01_06.PNG in Resources */,
				F41FD6391C4D3B640086A607 /* LINEActivityIcon~ipad.png in Resources */,
				F4A871521C61D26A00AF9A32 /* 04_01_01_01_11.PNG in Resources */,
				F4A8714B1C61D26A00AF9A32 /* 04_01_01_01_04.PNG in Resources */,
				F4A8717A1C61EF6E00AF9A32 /* 01_02_02.png in Resources */,
				F48330181C2F040D00234B18 /* Assets.xcassets in Resources */,
				F4A8714C1C61D26A00AF9A32 /* 04_01_01_01_05.PNG in Resources */,
				F4A871451C61D26A00AF9A32 /* 03_25_01.png in Resources */,
				F4A871671C61D26A00AF9A32 /* 04_01_14_05_01.png in Resources */,
				F4A871531C61D26A00AF9A32 /* 04_01_01_01_12.PNG in Resources */,
				F4A8716C1C61D26A00AF9A32 /* 06_02_01.png in Resources */,
				F4A8712B1C61D26A00AF9A32 /* 01_03_02.png in Resources */,
			);
			runOnlyForDeploymentPostprocessing = 0;
		};
		F483301F1C2F040D00234B18 /* Resources */ = {
			isa = PBXResourcesBuildPhase;
			buildActionMask = 2147483647;
			files = (
			);
			runOnlyForDeploymentPostprocessing = 0;
		};
		F483302A1C2F040D00234B18 /* Resources */ = {
			isa = PBXResourcesBuildPhase;
			buildActionMask = 2147483647;
			files = (
			);
			runOnlyForDeploymentPostprocessing = 0;
		};
/* End PBXResourcesBuildPhase section */

/* Begin PBXShellScriptBuildPhase section */
		4B21C7B8DA4CBBA849B72C0E /* Copy Pods Resources */ = {
			isa = PBXShellScriptBuildPhase;
			buildActionMask = 2147483647;
			files = (
			);
			inputPaths = (
			);
			name = "Copy Pods Resources";
			outputPaths = (
			);
			runOnlyForDeploymentPostprocessing = 0;
			shellPath = /bin/sh;
			shellScript = "\"${SRCROOT}/Pods/Target Support Files/Pods-NeeNeeApp/Pods-NeeNeeApp-resources.sh\"\n";
			showEnvVarsInLog = 0;
		};
		8B92455C33C56343C544CA55 /* Embed Pods Frameworks */ = {
			isa = PBXShellScriptBuildPhase;
			buildActionMask = 2147483647;
			files = (
			);
			inputPaths = (
			);
			name = "Embed Pods Frameworks";
			outputPaths = (
			);
			runOnlyForDeploymentPostprocessing = 0;
			shellPath = /bin/sh;
			shellScript = "\"${SRCROOT}/Pods/Target Support Files/Pods-NeeNeeApp/Pods-NeeNeeApp-frameworks.sh\"\n";
			showEnvVarsInLog = 0;
		};
		F3A8570C5D495BE77EF22509 /* Check Pods Manifest.lock */ = {
			isa = PBXShellScriptBuildPhase;
			buildActionMask = 2147483647;
			files = (
			);
			inputPaths = (
			);
			name = "Check Pods Manifest.lock";
			outputPaths = (
			);
			runOnlyForDeploymentPostprocessing = 0;
			shellPath = /bin/sh;
			shellScript = "diff \"${PODS_ROOT}/../Podfile.lock\" \"${PODS_ROOT}/Manifest.lock\" > /dev/null\nif [[ $? != 0 ]] ; then\n    cat << EOM\nerror: The sandbox is not in sync with the Podfile.lock. Run 'pod install' or update your CocoaPods installation.\nEOM\n    exit 1\nfi\n";
			showEnvVarsInLog = 0;
		};
/* End PBXShellScriptBuildPhase section */

/* Begin PBXSourcesBuildPhase section */
		F48330061C2F040D00234B18 /* Sources */ = {
			isa = PBXSourcesBuildPhase;
			buildActionMask = 2147483647;
			files = (
				AE05CAC51C5BDD9A00451A00 /* _StageM.m in Sources */,
				AE05CABB1C5BDD9A00451A00 /* _ItemM.m in Sources */,
				AE05CAC11C5BDD9A00451A00 /* _OkanM.m in Sources */,
				F48330101C2F040D00234B18 /* ViewController.swift in Sources */,
				AE05CACD1C5BDD9A00451A00 /* MeigenM.m in Sources */,
				F43D9B641C5D24240080F75D /* itemCell.swift in Sources */,
				AE05CABD1C5BDD9A00451A00 /* _JobM.m in Sources */,
				AE05CAC31C5BDD9A00451A00 /* _ResultActionM.m in Sources */,
				AE05CAD11C5BDD9A00451A00 /* ResultActionM.m in Sources */,
				AE05CAD31C5BDD9A00451A00 /* StageM.m in Sources */,
				AE05CAC91C5BDD9A00451A00 /* ItemM.m in Sources */,
				AE05CACF1C5BDD9A00451A00 /* OkanM.m in Sources */,
				AE05CACB1C5BDD9A00451A00 /* JobM.m in Sources */,
				AE05CAB91C5BDD9A00451A00 /* _DropItemM.m in Sources */,
				AE05CAC71C5BDD9A00451A00 /* DropItemM.m in Sources */,
				F48330161C2F040D00234B18 /* NeeNeeApp.xcdatamodeld in Sources */,
				F483300E1C2F040D00234B18 /* AppDelegate.swift in Sources */,
				AE05CABF1C5BDD9A00451A00 /* _MeigenM.m in Sources */,
				F41FD6341C4D3B640086A607 /* LINEActivity.m in Sources */,
			);
			runOnlyForDeploymentPostprocessing = 0;
		};
		F483301D1C2F040D00234B18 /* Sources */ = {
			isa = PBXSourcesBuildPhase;
			buildActionMask = 2147483647;
			files = (
				F48330261C2F040D00234B18 /* NeeNeeAppTests.swift in Sources */,
			);
			runOnlyForDeploymentPostprocessing = 0;
		};
		F48330281C2F040D00234B18 /* Sources */ = {
			isa = PBXSourcesBuildPhase;
			buildActionMask = 2147483647;
			files = (
				F48330311C2F040D00234B18 /* NeeNeeAppUITests.swift in Sources */,
			);
			runOnlyForDeploymentPostprocessing = 0;
		};
/* End PBXSourcesBuildPhase section */

/* Begin PBXTargetDependency section */
		F48330231C2F040D00234B18 /* PBXTargetDependency */ = {
			isa = PBXTargetDependency;
			target = F48330091C2F040D00234B18 /* NeeNeeApp */;
			targetProxy = F48330221C2F040D00234B18 /* PBXContainerItemProxy */;
		};
		F483302E1C2F040D00234B18 /* PBXTargetDependency */ = {
			isa = PBXTargetDependency;
			target = F48330091C2F040D00234B18 /* NeeNeeApp */;
			targetProxy = F483302D1C2F040D00234B18 /* PBXContainerItemProxy */;
		};
/* End PBXTargetDependency section */

/* Begin PBXVariantGroup section */
		F48330191C2F040D00234B18 /* LaunchScreen.storyboard */ = {
			isa = PBXVariantGroup;
			children = (
				F483301A1C2F040D00234B18 /* Base */,
			);
			name = LaunchScreen.storyboard;
			sourceTree = "<group>";
		};
/* End PBXVariantGroup section */

/* Begin XCBuildConfiguration section */
		F48330331C2F040D00234B18 /* Debug */ = {
			isa = XCBuildConfiguration;
			buildSettings = {
				ALWAYS_SEARCH_USER_PATHS = NO;
				CLANG_CXX_LANGUAGE_STANDARD = "gnu++0x";
				CLANG_CXX_LIBRARY = "libc++";
				CLANG_ENABLE_MODULES = YES;
				CLANG_ENABLE_OBJC_ARC = YES;
				CLANG_WARN_BOOL_CONVERSION = YES;
				CLANG_WARN_CONSTANT_CONVERSION = YES;
				CLANG_WARN_DIRECT_OBJC_ISA_USAGE = YES_ERROR;
				CLANG_WARN_EMPTY_BODY = YES;
				CLANG_WARN_ENUM_CONVERSION = YES;
				CLANG_WARN_INT_CONVERSION = YES;
				CLANG_WARN_OBJC_ROOT_CLASS = YES_ERROR;
				CLANG_WARN_UNREACHABLE_CODE = YES;
				CLANG_WARN__DUPLICATE_METHOD_MATCH = YES;
				"CODE_SIGN_IDENTITY[sdk=iphoneos*]" = "iPhone Developer";
				COPY_PHASE_STRIP = NO;
				DEBUG_INFORMATION_FORMAT = dwarf;
				ENABLE_STRICT_OBJC_MSGSEND = YES;
				ENABLE_TESTABILITY = YES;
				GCC_C_LANGUAGE_STANDARD = gnu99;
				GCC_DYNAMIC_NO_PIC = NO;
				GCC_NO_COMMON_BLOCKS = YES;
				GCC_OPTIMIZATION_LEVEL = 0;
				GCC_PREPROCESSOR_DEFINITIONS = (
					"DEBUG=1",
					"$(inherited)",
				);
				GCC_WARN_64_TO_32_BIT_CONVERSION = YES;
				GCC_WARN_ABOUT_RETURN_TYPE = YES_ERROR;
				GCC_WARN_UNDECLARED_SELECTOR = YES;
				GCC_WARN_UNINITIALIZED_AUTOS = YES_AGGRESSIVE;
				GCC_WARN_UNUSED_FUNCTION = YES;
				GCC_WARN_UNUSED_VARIABLE = YES;
				IPHONEOS_DEPLOYMENT_TARGET = 9.2;
				MTL_ENABLE_DEBUG_INFO = YES;
				ONLY_ACTIVE_ARCH = YES;
				SDKROOT = iphoneos;
				SWIFT_OPTIMIZATION_LEVEL = "-Onone";
				TARGETED_DEVICE_FAMILY = "1,2";
			};
			name = Debug;
		};
		F48330341C2F040D00234B18 /* Release */ = {
			isa = XCBuildConfiguration;
			buildSettings = {
				ALWAYS_SEARCH_USER_PATHS = NO;
				CLANG_CXX_LANGUAGE_STANDARD = "gnu++0x";
				CLANG_CXX_LIBRARY = "libc++";
				CLANG_ENABLE_MODULES = YES;
				CLANG_ENABLE_OBJC_ARC = YES;
				CLANG_WARN_BOOL_CONVERSION = YES;
				CLANG_WARN_CONSTANT_CONVERSION = YES;
				CLANG_WARN_DIRECT_OBJC_ISA_USAGE = YES_ERROR;
				CLANG_WARN_EMPTY_BODY = YES;
				CLANG_WARN_ENUM_CONVERSION = YES;
				CLANG_WARN_INT_CONVERSION = YES;
				CLANG_WARN_OBJC_ROOT_CLASS = YES_ERROR;
				CLANG_WARN_UNREACHABLE_CODE = YES;
				CLANG_WARN__DUPLICATE_METHOD_MATCH = YES;
				"CODE_SIGN_IDENTITY[sdk=iphoneos*]" = "iPhone Developer";
				COPY_PHASE_STRIP = NO;
				DEBUG_INFORMATION_FORMAT = "dwarf-with-dsym";
				ENABLE_NS_ASSERTIONS = NO;
				ENABLE_STRICT_OBJC_MSGSEND = YES;
				GCC_C_LANGUAGE_STANDARD = gnu99;
				GCC_NO_COMMON_BLOCKS = YES;
				GCC_WARN_64_TO_32_BIT_CONVERSION = YES;
				GCC_WARN_ABOUT_RETURN_TYPE = YES_ERROR;
				GCC_WARN_UNDECLARED_SELECTOR = YES;
				GCC_WARN_UNINITIALIZED_AUTOS = YES_AGGRESSIVE;
				GCC_WARN_UNUSED_FUNCTION = YES;
				GCC_WARN_UNUSED_VARIABLE = YES;
				IPHONEOS_DEPLOYMENT_TARGET = 9.2;
				MTL_ENABLE_DEBUG_INFO = NO;
				SDKROOT = iphoneos;
				TARGETED_DEVICE_FAMILY = "1,2";
				VALIDATE_PRODUCT = YES;
			};
			name = Release;
		};
		F48330361C2F040D00234B18 /* Debug */ = {
			isa = XCBuildConfiguration;
			baseConfigurationReference = 061F3FC4E89134E46B5F4A8E /* Pods-NeeNeeApp.debug.xcconfig */;
			buildSettings = {
				ASSETCATALOG_COMPILER_APPICON_NAME = AppIcon;
				CODE_SIGN_IDENTITY = "iPhone Developer";
				"CODE_SIGN_IDENTITY[sdk=iphoneos*]" = "iPhone Developer";
				INFOPLIST_FILE = NeeNeeApp/Info.plist;
				LD_RUNPATH_SEARCH_PATHS = "$(inherited) @executable_path/Frameworks";
				PRODUCT_BUNDLE_IDENTIFIER = com.KojiIshikawa.NeeNeeApp;
				PRODUCT_NAME = "$(TARGET_NAME)";
				PROVISIONING_PROFILE = "";
				PUBLIC_HEADERS_FOLDER_PATH = "$(CONTENTS_FOLDER_PATH)/Headers";
				SWIFT_OBJC_BRIDGING_HEADER = "NeeNeeApp/NeeNeeApp-Bridging-Header.h";
			};
			name = Debug;
		};
		F48330371C2F040D00234B18 /* Release */ = {
			isa = XCBuildConfiguration;
			baseConfigurationReference = 76D912C337F465574C4CC36B /* Pods-NeeNeeApp.release.xcconfig */;
			buildSettings = {
				ASSETCATALOG_COMPILER_APPICON_NAME = AppIcon;
				CODE_SIGN_IDENTITY = "iPhone Developer";
				"CODE_SIGN_IDENTITY[sdk=iphoneos*]" = "iPhone Developer";
				INFOPLIST_FILE = NeeNeeApp/Info.plist;
				LD_RUNPATH_SEARCH_PATHS = "$(inherited) @executable_path/Frameworks";
				PRODUCT_BUNDLE_IDENTIFIER = com.KojiIshikawa.NeeNeeApp;
				PRODUCT_NAME = "$(TARGET_NAME)";
				PROVISIONING_PROFILE = "";
				PUBLIC_HEADERS_FOLDER_PATH = "$(CONTENTS_FOLDER_PATH)/Headers";
				SWIFT_OBJC_BRIDGING_HEADER = "NeeNeeApp/NeeNeeApp-Bridging-Header.h";
			};
			name = Release;
		};
		F48330391C2F040D00234B18 /* Debug */ = {
			isa = XCBuildConfiguration;
			buildSettings = {
				BUNDLE_LOADER = "$(TEST_HOST)";
				INFOPLIST_FILE = NeeNeeAppTests/Info.plist;
				LD_RUNPATH_SEARCH_PATHS = "$(inherited) @executable_path/Frameworks @loader_path/Frameworks";
				PRODUCT_BUNDLE_IDENTIFIER = com.KojiIshikawa.NeeNeeAppTests;
				PRODUCT_NAME = "$(TARGET_NAME)";
				TEST_HOST = "$(BUILT_PRODUCTS_DIR)/NeeNeeApp.app/NeeNeeApp";
			};
			name = Debug;
		};
		F483303A1C2F040D00234B18 /* Release */ = {
			isa = XCBuildConfiguration;
			buildSettings = {
				BUNDLE_LOADER = "$(TEST_HOST)";
				INFOPLIST_FILE = NeeNeeAppTests/Info.plist;
				LD_RUNPATH_SEARCH_PATHS = "$(inherited) @executable_path/Frameworks @loader_path/Frameworks";
				PRODUCT_BUNDLE_IDENTIFIER = com.KojiIshikawa.NeeNeeAppTests;
				PRODUCT_NAME = "$(TARGET_NAME)";
				TEST_HOST = "$(BUILT_PRODUCTS_DIR)/NeeNeeApp.app/NeeNeeApp";
			};
			name = Release;
		};
		F483303C1C2F040D00234B18 /* Debug */ = {
			isa = XCBuildConfiguration;
			buildSettings = {
				INFOPLIST_FILE = NeeNeeAppUITests/Info.plist;
				LD_RUNPATH_SEARCH_PATHS = "$(inherited) @executable_path/Frameworks @loader_path/Frameworks";
				PRODUCT_BUNDLE_IDENTIFIER = com.KojiIshikawa.NeeNeeAppUITests;
				PRODUCT_NAME = "$(TARGET_NAME)";
				TEST_TARGET_NAME = NeeNeeApp;
				USES_XCTRUNNER = YES;
			};
			name = Debug;
		};
		F483303D1C2F040D00234B18 /* Release */ = {
			isa = XCBuildConfiguration;
			buildSettings = {
				INFOPLIST_FILE = NeeNeeAppUITests/Info.plist;
				LD_RUNPATH_SEARCH_PATHS = "$(inherited) @executable_path/Frameworks @loader_path/Frameworks";
				PRODUCT_BUNDLE_IDENTIFIER = com.KojiIshikawa.NeeNeeAppUITests;
				PRODUCT_NAME = "$(TARGET_NAME)";
				TEST_TARGET_NAME = NeeNeeApp;
				USES_XCTRUNNER = YES;
			};
			name = Release;
		};
/* End XCBuildConfiguration section */

/* Begin XCConfigurationList section */
		F48330051C2F040D00234B18 /* Build configuration list for PBXProject "NeeNeeApp" */ = {
			isa = XCConfigurationList;
			buildConfigurations = (
				F48330331C2F040D00234B18 /* Debug */,
				F48330341C2F040D00234B18 /* Release */,
			);
			defaultConfigurationIsVisible = 0;
			defaultConfigurationName = Release;
		};
		F48330351C2F040D00234B18 /* Build configuration list for PBXNativeTarget "NeeNeeApp" */ = {
			isa = XCConfigurationList;
			buildConfigurations = (
				F48330361C2F040D00234B18 /* Debug */,
				F48330371C2F040D00234B18 /* Release */,
			);
			defaultConfigurationIsVisible = 0;
			defaultConfigurationName = Release;
		};
		F48330381C2F040D00234B18 /* Build configuration list for PBXNativeTarget "NeeNeeAppTests" */ = {
			isa = XCConfigurationList;
			buildConfigurations = (
				F48330391C2F040D00234B18 /* Debug */,
				F483303A1C2F040D00234B18 /* Release */,
			);
			defaultConfigurationIsVisible = 0;
			defaultConfigurationName = Release;
		};
		F483303B1C2F040D00234B18 /* Build configuration list for PBXNativeTarget "NeeNeeAppUITests" */ = {
			isa = XCConfigurationList;
			buildConfigurations = (
				F483303C1C2F040D00234B18 /* Debug */,
				F483303D1C2F040D00234B18 /* Release */,
			);
			defaultConfigurationIsVisible = 0;
			defaultConfigurationName = Release;
		};
/* End XCConfigurationList section */

/* Begin XCVersionGroup section */
		F48330141C2F040D00234B18 /* NeeNeeApp.xcdatamodeld */ = {
			isa = XCVersionGroup;
			children = (
				F48330151C2F040D00234B18 /* NeeNeeApp.xcdatamodel */,
			);
			currentVersion = F48330151C2F040D00234B18 /* NeeNeeApp.xcdatamodel */;
			path = NeeNeeApp.xcdatamodeld;
			sourceTree = "<group>";
			versionGroupType = wrapper.xcdatamodel;
		};
/* End XCVersionGroup section */
	};
	rootObject = F48330021C2F040D00234B18 /* Project object */;
}
